PODS:
  - Alamofire (5.6.2)
  - Core (0.0.1):
    - Alamofire (~> 5.6)
  - Core/Tests (0.0.1):
    - Alamofire (~> 5.6)
  - SwiftLint (0.48.0)
  - UI (0.0.1)
  - UI/Tests (0.0.1)

DEPENDENCIES:
  - Core (from `./modules/Core`)
  - Core/Tests (from `./modules/Core`)
  - SwiftLint (~> 0.48)
  - UI (from `./modules/UI`)
  - UI/Tests (from `./modules/UI`)

SPEC REPOS:
  trunk:
    - Alamofire
    - SwiftLint

EXTERNAL SOURCES:
  Core:
    :path: "./modules/Core"
  UI:
    :path: "./modules/UI"

SPEC CHECKSUMS:
  Alamofire: d368e1ff8a298e6dde360e35a3e68e6c610e7204
  Core: 49389ad3275c8cd2d60727bd0d747197c68be285
  SwiftLint: 284cea64b6187c5d6bd83e9a548a64104d546447
  UI: 1af87e03025bfb7106afb4a4c56a12608e8c373d

PODFILE CHECKSUM: 30d71675a478aa85dde8cb14af28c01a0cbb281b

COCOAPODS: 1.11.3
