// !$*UTF8*$!
{
	archiveVersion = 1;
	classes = {
	};
	objectVersion = 55;
	objects = {

/* Begin PBXBuildFile section */
		49680F1AE30E0C589FD10559 /* Pods_CoreTests.framework in Frameworks */ = {isa = PBXBuildFile; fileRef = 1D2A251ADC8DEFC6AFCA68B2 /* Pods_CoreTests.framework */; };
		76D95C4026825CD552D39194 /* Pods_Core.framework in Frameworks */ = {isa = PBXBuildFile; fileRef = 0714C9DB1E09FA871A02B597 /* Pods_Core.framework */; };
		E604930228A1FED1005C737A /* Core.framework in Frameworks */ = {isa = PBXBuildFile; fileRef = E60492F928A1FED1005C737A /* Core.framework */; };
		E604930828A1FED1005C737A /* Core.h in Headers */ = {isa = PBXBuildFile; fileRef = E60492FC28A1FED1005C737A /* Core.h */; settings = {ATTRIBUTES = (Public, ); }; };
		E628E62B28C62A7C002FE56E /* Session.swift in Sources */ = {isa = PBXBuildFile; fileRef = E628E62A28C62A7C002FE56E /* Session.swift */; };
		E628E63228C8414A002FE56E /* DataSessionTests.swift in Sources */ = {isa = PBXBuildFile; fileRef = E628E63128C8414A002FE56E /* DataSessionTests.swift */; };
		E628E63428C84A24002FE56E /* DataSession.swift in Sources */ = {isa = PBXBuildFile; fileRef = E628E63328C84A24002FE56E /* DataSession.swift */; };
		E6F3B77E28B2461C0064AFFF /* String+Extensions.swift in Sources */ = {isa = PBXBuildFile; fileRef = E6F3B77D28B2461C0064AFFF /* String+Extensions.swift */; };
		E6F3B78028B246640064AFFF /* StringTests.swift in Sources */ = {isa = PBXBuildFile; fileRef = E6F3B77F28B246640064AFFF /* StringTests.swift */; };
/* End PBXBuildFile section */

/* Begin PBXContainerItemProxy section */
		E604930328A1FED1005C737A /* PBXContainerItemProxy */ = {
			isa = PBXContainerItemProxy;
			containerPortal = E60492F028A1FED1005C737A /* Project object */;
			proxyType = 1;
			remoteGlobalIDString = E60492F828A1FED1005C737A;
			remoteInfo = Core;
		};
/* End PBXContainerItemProxy section */

/* Begin PBXFileReference section */
		0714C9DB1E09FA871A02B597 /* Pods_Core.framework */ = {isa = PBXFileReference; explicitFileType = wrapper.framework; includeInIndex = 0; path = Pods_Core.framework; sourceTree = BUILT_PRODUCTS_DIR; };
		1D2A251ADC8DEFC6AFCA68B2 /* Pods_CoreTests.framework */ = {isa = PBXFileReference; explicitFileType = wrapper.framework; includeInIndex = 0; path = Pods_CoreTests.framework; sourceTree = BUILT_PRODUCTS_DIR; };
		44DEA6C5DE682AA2F8EB53CF /* Pods-CoreTests.debug.xcconfig */ = {isa = PBXFileReference; includeInIndex = 1; lastKnownFileType = text.xcconfig; name = "Pods-CoreTests.debug.xcconfig"; path = "Target Support Files/Pods-CoreTests/Pods-CoreTests.debug.xcconfig"; sourceTree = "<group>"; };
		4851FDAD0E6C549C92A2F41D /* Pods-Core.debug.xcconfig */ = {isa = PBXFileReference; includeInIndex = 1; lastKnownFileType = text.xcconfig; name = "Pods-Core.debug.xcconfig"; path = "Target Support Files/Pods-Core/Pods-Core.debug.xcconfig"; sourceTree = "<group>"; };
		C22853EA01D2BDF79A2E92DC /* Pods-Core.release.xcconfig */ = {isa = PBXFileReference; includeInIndex = 1; lastKnownFileType = text.xcconfig; name = "Pods-Core.release.xcconfig"; path = "Target Support Files/Pods-Core/Pods-Core.release.xcconfig"; sourceTree = "<group>"; };
		C687F55223D344F2CE82774A /* Pods-CoreTests.release.xcconfig */ = {isa = PBXFileReference; includeInIndex = 1; lastKnownFileType = text.xcconfig; name = "Pods-CoreTests.release.xcconfig"; path = "Target Support Files/Pods-CoreTests/Pods-CoreTests.release.xcconfig"; sourceTree = "<group>"; };
		E60492F928A1FED1005C737A /* Core.framework */ = {isa = PBXFileReference; explicitFileType = wrapper.framework; includeInIndex = 0; path = Core.framework; sourceTree = BUILT_PRODUCTS_DIR; };
		E60492FC28A1FED1005C737A /* Core.h */ = {isa = PBXFileReference; lastKnownFileType = sourcecode.c.h; path = Core.h; sourceTree = "<group>"; };
		E604930128A1FED1005C737A /* CoreTests.xctest */ = {isa = PBXFileReference; explicitFileType = wrapper.cfbundle; includeInIndex = 0; path = CoreTests.xctest; sourceTree = BUILT_PRODUCTS_DIR; };
		E628E62A28C62A7C002FE56E /* Session.swift */ = {isa = PBXFileReference; lastKnownFileType = sourcecode.swift; path = Session.swift; sourceTree = "<group>"; };
		E628E63128C8414A002FE56E /* DataSessionTests.swift */ = {isa = PBXFileReference; lastKnownFileType = sourcecode.swift; path = DataSessionTests.swift; sourceTree = "<group>"; };
		E628E63328C84A24002FE56E /* DataSession.swift */ = {isa = PBXFileReference; lastKnownFileType = sourcecode.swift; path = DataSession.swift; sourceTree = "<group>"; };
		E6F3B77D28B2461C0064AFFF /* String+Extensions.swift */ = {isa = PBXFileReference; lastKnownFileType = sourcecode.swift; path = "String+Extensions.swift"; sourceTree = "<group>"; };
		E6F3B77F28B246640064AFFF /* StringTests.swift */ = {isa = PBXFileReference; lastKnownFileType = sourcecode.swift; path = StringTests.swift; sourceTree = "<group>"; };
/* End PBXFileReference section */

/* Begin PBXFrameworksBuildPhase section */
		E60492F628A1FED1005C737A /* Frameworks */ = {
			isa = PBXFrameworksBuildPhase;
			buildActionMask = 2147483647;
			files = (
				76D95C4026825CD552D39194 /* Pods_Core.framework in Frameworks */,
			);
			runOnlyForDeploymentPostprocessing = 0;
		};
		E60492FE28A1FED1005C737A /* Frameworks */ = {
			isa = PBXFrameworksBuildPhase;
			buildActionMask = 2147483647;
			files = (
				E604930228A1FED1005C737A /* Core.framework in Frameworks */,
				49680F1AE30E0C589FD10559 /* Pods_CoreTests.framework in Frameworks */,
			);
			runOnlyForDeploymentPostprocessing = 0;
		};
/* End PBXFrameworksBuildPhase section */

/* Begin PBXGroup section */
		74D6C8D1179B128D37FD9F92 /* Frameworks */ = {
			isa = PBXGroup;
			children = (
				0714C9DB1E09FA871A02B597 /* Pods_Core.framework */,
				1D2A251ADC8DEFC6AFCA68B2 /* Pods_CoreTests.framework */,
			);
			name = Frameworks;
			sourceTree = "<group>";
		};
		B6F5B1032A12C47F9FF3B80B /* Pods */ = {
			isa = PBXGroup;
			children = (
				4851FDAD0E6C549C92A2F41D /* Pods-Core.debug.xcconfig */,
				C22853EA01D2BDF79A2E92DC /* Pods-Core.release.xcconfig */,
				44DEA6C5DE682AA2F8EB53CF /* Pods-CoreTests.debug.xcconfig */,
				C687F55223D344F2CE82774A /* Pods-CoreTests.release.xcconfig */,
			);
			path = Pods;
			sourceTree = "<group>";
		};
		E60492EF28A1FED1005C737A = {
			isa = PBXGroup;
			children = (
				E60492FB28A1FED1005C737A /* Sources */,
				E604930528A1FED1005C737A /* Tests */,
				E60492FA28A1FED1005C737A /* Products */,
				B6F5B1032A12C47F9FF3B80B /* Pods */,
				74D6C8D1179B128D37FD9F92 /* Frameworks */,
			);
			sourceTree = "<group>";
		};
		E60492FA28A1FED1005C737A /* Products */ = {
			isa = PBXGroup;
			children = (
				E60492F928A1FED1005C737A /* Core.framework */,
				E604930128A1FED1005C737A /* CoreTests.xctest */,
			);
			name = Products;
			sourceTree = "<group>";
		};
		E60492FB28A1FED1005C737A /* Sources */ = {
			isa = PBXGroup;
			children = (
				E628E62928C629E3002FE56E /* Network */,
				E604933828A34514005C737A /* Extensions */,
				E60492FC28A1FED1005C737A /* Core.h */,
			);
			path = Sources;
			sourceTree = "<group>";
		};
		E604930528A1FED1005C737A /* Tests */ = {
			isa = PBXGroup;
			children = (
				E6F3B77F28B246640064AFFF /* StringTests.swift */,
				E628E63128C8414A002FE56E /* DataSessionTests.swift */,
			);
			path = Tests;
			sourceTree = "<group>";
		};
		E604933828A34514005C737A /* Extensions */ = {
			isa = PBXGroup;
			children = (
				E6F3B77D28B2461C0064AFFF /* String+Extensions.swift */,
			);
			path = Extensions;
			sourceTree = "<group>";
		};
		E628E62928C629E3002FE56E /* Network */ = {
			isa = PBXGroup;
			children = (
				E628E62A28C62A7C002FE56E /* Session.swift */,
				E628E63328C84A24002FE56E /* DataSession.swift */,
			);
			path = Network;
			sourceTree = "<group>";
		};
/* End PBXGroup section */

/* Begin PBXHeadersBuildPhase section */
		E60492F428A1FED1005C737A /* Headers */ = {
			isa = PBXHeadersBuildPhase;
			buildActionMask = 2147483647;
			files = (
				E604930828A1FED1005C737A /* Core.h in Headers */,
			);
			runOnlyForDeploymentPostprocessing = 0;
		};
/* End PBXHeadersBuildPhase section */

/* Begin PBXNativeTarget section */
		E60492F828A1FED1005C737A /* Core */ = {
			isa = PBXNativeTarget;
			buildConfigurationList = E604930B28A1FED1005C737A /* Build configuration list for PBXNativeTarget "Core" */;
			buildPhases = (
				98D89A092E55ED1363CEE9E9 /* [CP] Check Pods Manifest.lock */,
				E60492F428A1FED1005C737A /* Headers */,
				E60492F528A1FED1005C737A /* Sources */,
				E60492F628A1FED1005C737A /* Frameworks */,
				E60492F728A1FED1005C737A /* Resources */,
			);
			buildRules = (
			);
			dependencies = (
			);
			name = Core;
			productName = Core;
			productReference = E60492F928A1FED1005C737A /* Core.framework */;
			productType = "com.apple.product-type.framework";
		};
		E604930028A1FED1005C737A /* CoreTests */ = {
			isa = PBXNativeTarget;
			buildConfigurationList = E604930E28A1FED1005C737A /* Build configuration list for PBXNativeTarget "CoreTests" */;
			buildPhases = (
				5478623CA83BBF40C5E3AF17 /* [CP] Check Pods Manifest.lock */,
				E60492FD28A1FED1005C737A /* Sources */,
				E60492FE28A1FED1005C737A /* Frameworks */,
				E60492FF28A1FED1005C737A /* Resources */,
				329D879BA1CD211424499398 /* [CP] Embed Pods Frameworks */,
			);
			buildRules = (
			);
			dependencies = (
				E604930428A1FED1005C737A /* PBXTargetDependency */,
			);
			name = CoreTests;
			productName = CoreTests;
			productReference = E604930128A1FED1005C737A /* CoreTests.xctest */;
			productType = "com.apple.product-type.bundle.unit-test";
		};
/* End PBXNativeTarget section */

/* Begin PBXProject section */
		E60492F028A1FED1005C737A /* Project object */ = {
			isa = PBXProject;
			attributes = {
				BuildIndependentTargetsInParallel = 1;
				LastSwiftUpdateCheck = 1340;
				LastUpgradeCheck = 1340;
				TargetAttributes = {
					E60492F828A1FED1005C737A = {
						CreatedOnToolsVersion = 13.4.1;
						LastSwiftMigration = 1340;
					};
					E604930028A1FED1005C737A = {
						CreatedOnToolsVersion = 13.4.1;
					};
				};
			};
			buildConfigurationList = E60492F328A1FED1005C737A /* Build configuration list for PBXProject "Core" */;
			compatibilityVersion = "Xcode 13.0";
			developmentRegion = en;
			hasScannedForEncodings = 0;
			knownRegions = (
				en,
				Base,
			);
			mainGroup = E60492EF28A1FED1005C737A;
			productRefGroup = E60492FA28A1FED1005C737A /* Products */;
			projectDirPath = "";
			projectRoot = "";
			targets = (
				E60492F828A1FED1005C737A /* Core */,
				E604930028A1FED1005C737A /* CoreTests */,
			);
		};
/* End PBXProject section */

/* Begin PBXResourcesBuildPhase section */
		E60492F728A1FED1005C737A /* Resources */ = {
			isa = PBXResourcesBuildPhase;
			buildActionMask = 2147483647;
			files = (
			);
			runOnlyForDeploymentPostprocessing = 0;
		};
		E60492FF28A1FED1005C737A /* Resources */ = {
			isa = PBXResourcesBuildPhase;
			buildActionMask = 2147483647;
			files = (
			);
			runOnlyForDeploymentPostprocessing = 0;
		};
/* End PBXResourcesBuildPhase section */

/* Begin PBXShellScriptBuildPhase section */
		329D879BA1CD211424499398 /* [CP] Embed Pods Frameworks */ = {
			isa = PBXShellScriptBuildPhase;
			buildActionMask = 2147483647;
			files = (
			);
			inputFileListPaths = (
				"${PODS_ROOT}/Target Support Files/Pods-CoreTests/Pods-CoreTests-frameworks-${CONFIGURATION}-input-files.xcfilelist",
			);
			name = "[CP] Embed Pods Frameworks";
			outputFileListPaths = (
				"${PODS_ROOT}/Target Support Files/Pods-CoreTests/Pods-CoreTests-frameworks-${CONFIGURATION}-output-files.xcfilelist",
			);
			runOnlyForDeploymentPostprocessing = 0;
			shellPath = /bin/sh;
			shellScript = "\"${PODS_ROOT}/Target Support Files/Pods-CoreTests/Pods-CoreTests-frameworks.sh\"\n";
			showEnvVarsInLog = 0;
		};
		5478623CA83BBF40C5E3AF17 /* [CP] Check Pods Manifest.lock */ = {
			isa = PBXShellScriptBuildPhase;
			buildActionMask = 2147483647;
			files = (
			);
			inputFileListPaths = (
			);
			inputPaths = (
				"${PODS_PODFILE_DIR_PATH}/Podfile.lock",
				"${PODS_ROOT}/Manifest.lock",
			);
			name = "[CP] Check Pods Manifest.lock";
			outputFileListPaths = (
			);
			outputPaths = (
				"$(DERIVED_FILE_DIR)/Pods-CoreTests-checkManifestLockResult.txt",
			);
			runOnlyForDeploymentPostprocessing = 0;
			shellPath = /bin/sh;
			shellScript = "diff \"${PODS_PODFILE_DIR_PATH}/Podfile.lock\" \"${PODS_ROOT}/Manifest.lock\" > /dev/null\nif [ $? != 0 ] ; then\n    # print error to STDERR\n    echo \"error: The sandbox is not in sync with the Podfile.lock. Run 'pod install' or update your CocoaPods installation.\" >&2\n    exit 1\nfi\n# This output is used by Xcode 'outputs' to avoid re-running this script phase.\necho \"SUCCESS\" > \"${SCRIPT_OUTPUT_FILE_0}\"\n";
			showEnvVarsInLog = 0;
		};
		98D89A092E55ED1363CEE9E9 /* [CP] Check Pods Manifest.lock */ = {
			isa = PBXShellScriptBuildPhase;
			buildActionMask = 2147483647;
			files = (
			);
			inputFileListPaths = (
			);
			inputPaths = (
				"${PODS_PODFILE_DIR_PATH}/Podfile.lock",
				"${PODS_ROOT}/Manifest.lock",
			);
			name = "[CP] Check Pods Manifest.lock";
			outputFileListPaths = (
			);
			outputPaths = (
				"$(DERIVED_FILE_DIR)/Pods-Core-checkManifestLockResult.txt",
			);
			runOnlyForDeploymentPostprocessing = 0;
			shellPath = /bin/sh;
			shellScript = "diff \"${PODS_PODFILE_DIR_PATH}/Podfile.lock\" \"${PODS_ROOT}/Manifest.lock\" > /dev/null\nif [ $? != 0 ] ; then\n    # print error to STDERR\n    echo \"error: The sandbox is not in sync with the Podfile.lock. Run 'pod install' or update your CocoaPods installation.\" >&2\n    exit 1\nfi\n# This output is used by Xcode 'outputs' to avoid re-running this script phase.\necho \"SUCCESS\" > \"${SCRIPT_OUTPUT_FILE_0}\"\n";
			showEnvVarsInLog = 0;
		};
/* End PBXShellScriptBuildPhase section */

/* Begin PBXSourcesBuildPhase section */
		E60492F528A1FED1005C737A /* Sources */ = {
			isa = PBXSourcesBuildPhase;
			buildActionMask = 2147483647;
			files = (
				E628E63428C84A24002FE56E /* DataSession.swift in Sources */,
				E628E62B28C62A7C002FE56E /* Session.swift in Sources */,
				E6F3B77E28B2461C0064AFFF /* String+Extensions.swift in Sources */,
			);
			runOnlyForDeploymentPostprocessing = 0;
		};
		E60492FD28A1FED1005C737A /* Sources */ = {
			isa = PBXSourcesBuildPhase;
			buildActionMask = 2147483647;
			files = (
				E628E63228C8414A002FE56E /* DataSessionTests.swift in Sources */,
				E6F3B78028B246640064AFFF /* StringTests.swift in Sources */,
			);
			runOnlyForDeploymentPostprocessing = 0;
		};
/* End PBXSourcesBuildPhase section */

/* Begin PBXTargetDependency section */
		E604930428A1FED1005C737A /* PBXTargetDependency */ = {
			isa = PBXTargetDependency;
			target = E60492F828A1FED1005C737A /* Core */;
			targetProxy = E604930328A1FED1005C737A /* PBXContainerItemProxy */;
		};
/* End PBXTargetDependency section */

/* Begin XCBuildConfiguration section */
		E604930928A1FED1005C737A /* Debug */ = {
			isa = XCBuildConfiguration;
			buildSettings = {
				ALWAYS_SEARCH_USER_PATHS = NO;
				CLANG_ANALYZER_NONNULL = YES;
				CLANG_ANALYZER_NUMBER_OBJECT_CONVERSION = YES_AGGRESSIVE;
				CLANG_CXX_LANGUAGE_STANDARD = "gnu++17";
				CLANG_ENABLE_MODULES = YES;
				CLANG_ENABLE_OBJC_ARC = YES;
				CLANG_ENABLE_OBJC_WEAK = YES;
				CLANG_WARN_BLOCK_CAPTURE_AUTORELEASING = YES;
				CLANG_WARN_BOOL_CONVERSION = YES;
				CLANG_WARN_COMMA = YES;
				CLANG_WARN_CONSTANT_CONVERSION = YES;
				CLANG_WARN_DEPRECATED_OBJC_IMPLEMENTATIONS = YES;
				CLANG_WARN_DIRECT_OBJC_ISA_USAGE = YES_ERROR;
				CLANG_WARN_DOCUMENTATION_COMMENTS = YES;
				CLANG_WARN_EMPTY_BODY = YES;
				CLANG_WARN_ENUM_CONVERSION = YES;
				CLANG_WARN_INFINITE_RECURSION = YES;
				CLANG_WARN_INT_CONVERSION = YES;
				CLANG_WARN_NON_LITERAL_NULL_CONVERSION = YES;
				CLANG_WARN_OBJC_IMPLICIT_RETAIN_SELF = YES;
				CLANG_WARN_OBJC_LITERAL_CONVERSION = YES;
				CLANG_WARN_OBJC_ROOT_CLASS = YES_ERROR;
				CLANG_WARN_QUOTED_INCLUDE_IN_FRAMEWORK_HEADER = YES;
				CLANG_WARN_RANGE_LOOP_ANALYSIS = YES;
				CLANG_WARN_STRICT_PROTOTYPES = YES;
				CLANG_WARN_SUSPICIOUS_MOVE = YES;
				CLANG_WARN_UNGUARDED_AVAILABILITY = YES_AGGRESSIVE;
				CLANG_WARN_UNREACHABLE_CODE = YES;
				CLANG_WARN__DUPLICATE_METHOD_MATCH = YES;
				COPY_PHASE_STRIP = NO;
				CURRENT_PROJECT_VERSION = 1;
				DEBUG_INFORMATION_FORMAT = dwarf;
				ENABLE_STRICT_OBJC_MSGSEND = YES;
				ENABLE_TESTABILITY = YES;
				GCC_C_LANGUAGE_STANDARD = gnu11;
				GCC_DYNAMIC_NO_PIC = NO;
				GCC_NO_COMMON_BLOCKS = YES;
				GCC_OPTIMIZATION_LEVEL = 0;
				GCC_PREPROCESSOR_DEFINITIONS = (
					"DEBUG=1",
					"$(inherited)",
				);
				GCC_WARN_64_TO_32_BIT_CONVERSION = YES;
				GCC_WARN_ABOUT_RETURN_TYPE = YES_ERROR;
				GCC_WARN_UNDECLARED_SELECTOR = YES;
				GCC_WARN_UNINITIALIZED_AUTOS = YES_AGGRESSIVE;
				GCC_WARN_UNUSED_FUNCTION = YES;
				GCC_WARN_UNUSED_VARIABLE = YES;
				IPHONEOS_DEPLOYMENT_TARGET = 15.5;
				MTL_ENABLE_DEBUG_INFO = INCLUDE_SOURCE;
				MTL_FAST_MATH = YES;
				ONLY_ACTIVE_ARCH = YES;
				SDKROOT = iphoneos;
				SWIFT_ACTIVE_COMPILATION_CONDITIONS = DEBUG;
				SWIFT_OPTIMIZATION_LEVEL = "-Onone";
				VERSIONING_SYSTEM = "apple-generic";
				VERSION_INFO_PREFIX = "";
			};
			name = Debug;
		};
		E604930A28A1FED1005C737A /* Release */ = {
			isa = XCBuildConfiguration;
			buildSettings = {
				ALWAYS_SEARCH_USER_PATHS = NO;
				CLANG_ANALYZER_NONNULL = YES;
				CLANG_ANALYZER_NUMBER_OBJECT_CONVERSION = YES_AGGRESSIVE;
				CLANG_CXX_LANGUAGE_STANDARD = "gnu++17";
				CLANG_ENABLE_MODULES = YES;
				CLANG_ENABLE_OBJC_ARC = YES;
				CLANG_ENABLE_OBJC_WEAK = YES;
				CLANG_WARN_BLOCK_CAPTURE_AUTORELEASING = YES;
				CLANG_WARN_BOOL_CONVERSION = YES;
				CLANG_WARN_COMMA = YES;
				CLANG_WARN_CONSTANT_CONVERSION = YES;
				CLANG_WARN_DEPRECATED_OBJC_IMPLEMENTATIONS = YES;
				CLANG_WARN_DIRECT_OBJC_ISA_USAGE = YES_ERROR;
				CLANG_WARN_DOCUMENTATION_COMMENTS = YES;
				CLANG_WARN_EMPTY_BODY = YES;
				CLANG_WARN_ENUM_CONVERSION = YES;
				CLANG_WARN_INFINITE_RECURSION = YES;
				CLANG_WARN_INT_CONVERSION = YES;
				CLANG_WARN_NON_LITERAL_NULL_CONVERSION = YES;
				CLANG_WARN_OBJC_IMPLICIT_RETAIN_SELF = YES;
				CLANG_WARN_OBJC_LITERAL_CONVERSION = YES;
				CLANG_WARN_OBJC_ROOT_CLASS = YES_ERROR;
				CLANG_WARN_QUOTED_INCLUDE_IN_FRAMEWORK_HEADER = YES;
				CLANG_WARN_RANGE_LOOP_ANALYSIS = YES;
				CLANG_WARN_STRICT_PROTOTYPES = YES;
				CLANG_WARN_SUSPICIOUS_MOVE = YES;
				CLANG_WARN_UNGUARDED_AVAILABILITY = YES_AGGRESSIVE;
				CLANG_WARN_UNREACHABLE_CODE = YES;
				CLANG_WARN__DUPLICATE_METHOD_MATCH = YES;
				COPY_PHASE_STRIP = NO;
				CURRENT_PROJECT_VERSION = 1;
				DEBUG_INFORMATION_FORMAT = "dwarf-with-dsym";
				ENABLE_NS_ASSERTIONS = NO;
				ENABLE_STRICT_OBJC_MSGSEND = YES;
				GCC_C_LANGUAGE_STANDARD = gnu11;
				GCC_NO_COMMON_BLOCKS = YES;
				GCC_WARN_64_TO_32_BIT_CONVERSION = YES;
				GCC_WARN_ABOUT_RETURN_TYPE = YES_ERROR;
				GCC_WARN_UNDECLARED_SELECTOR = YES;
				GCC_WARN_UNINITIALIZED_AUTOS = YES_AGGRESSIVE;
				GCC_WARN_UNUSED_FUNCTION = YES;
				GCC_WARN_UNUSED_VARIABLE = YES;
				IPHONEOS_DEPLOYMENT_TARGET = 15.5;
				MTL_ENABLE_DEBUG_INFO = NO;
				MTL_FAST_MATH = YES;
				SDKROOT = iphoneos;
				SWIFT_COMPILATION_MODE = wholemodule;
				SWIFT_OPTIMIZATION_LEVEL = "-O";
				VALIDATE_PRODUCT = YES;
				VERSIONING_SYSTEM = "apple-generic";
				VERSION_INFO_PREFIX = "";
			};
			name = Release;
		};
		E604930C28A1FED1005C737A /* Debug */ = {
			isa = XCBuildConfiguration;
			baseConfigurationReference = 4851FDAD0E6C549C92A2F41D /* Pods-Core.debug.xcconfig */;
			buildSettings = {
				CLANG_ENABLE_MODULES = YES;
				CODE_SIGN_STYLE = Automatic;
				CURRENT_PROJECT_VERSION = 1;
				DEFINES_MODULE = YES;
				DYLIB_COMPATIBILITY_VERSION = 1;
				DYLIB_CURRENT_VERSION = 1;
				DYLIB_INSTALL_NAME_BASE = "@rpath";
				GENERATE_INFOPLIST_FILE = YES;
				INFOPLIST_KEY_NSHumanReadableCopyright = "";
				INSTALL_PATH = "$(LOCAL_LIBRARY_DIR)/Frameworks";
				LD_RUNPATH_SEARCH_PATHS = (
					"$(inherited)",
					"@executable_path/Frameworks",
					"@loader_path/Frameworks",
				);
				MARKETING_VERSION = 1.0;
				PRODUCT_BUNDLE_IDENTIFIER = com.thoughtworks.ark.core;
				PRODUCT_NAME = "$(TARGET_NAME:c99extidentifier)";
				SKIP_INSTALL = YES;
				SWIFT_EMIT_LOC_STRINGS = YES;
				SWIFT_OPTIMIZATION_LEVEL = "-Onone";
				SWIFT_VERSION = 5.0;
				TARGETED_DEVICE_FAMILY = "1,2";
			};
			name = Debug;
		};
		E604930D28A1FED1005C737A /* Release */ = {
			isa = XCBuildConfiguration;
			baseConfigurationReference = C22853EA01D2BDF79A2E92DC /* Pods-Core.release.xcconfig */;
			buildSettings = {
				CLANG_ENABLE_MODULES = YES;
				CODE_SIGN_STYLE = Automatic;
				CURRENT_PROJECT_VERSION = 1;
				DEFINES_MODULE = YES;
				DYLIB_COMPATIBILITY_VERSION = 1;
				DYLIB_CURRENT_VERSION = 1;
				DYLIB_INSTALL_NAME_BASE = "@rpath";
				GENERATE_INFOPLIST_FILE = YES;
				INFOPLIST_KEY_NSHumanReadableCopyright = "";
				INSTALL_PATH = "$(LOCAL_LIBRARY_DIR)/Frameworks";
				LD_RUNPATH_SEARCH_PATHS = (
					"$(inherited)",
					"@executable_path/Frameworks",
					"@loader_path/Frameworks",
				);
				MARKETING_VERSION = 1.0;
				PRODUCT_BUNDLE_IDENTIFIER = com.thoughtworks.ark.core;
				PRODUCT_NAME = "$(TARGET_NAME:c99extidentifier)";
				SKIP_INSTALL = YES;
				SWIFT_EMIT_LOC_STRINGS = YES;
				SWIFT_VERSION = 5.0;
				TARGETED_DEVICE_FAMILY = "1,2";
			};
			name = Release;
		};
		E604930F28A1FED1005C737A /* Debug */ = {
			isa = XCBuildConfiguration;
			baseConfigurationReference = 44DEA6C5DE682AA2F8EB53CF /* Pods-CoreTests.debug.xcconfig */;
			buildSettings = {
				"CODE_SIGN_IDENTITY[sdk=macosx*]" = "-";
				CODE_SIGN_STYLE = Automatic;
				CURRENT_PROJECT_VERSION = 1;
				GENERATE_INFOPLIST_FILE = YES;
				MARKETING_VERSION = 1.0;
				PRODUCT_BUNDLE_IDENTIFIER = com.thoughtworks.ark.CoreTests;
				PRODUCT_NAME = "$(TARGET_NAME)";
				SWIFT_EMIT_LOC_STRINGS = NO;
				SWIFT_VERSION = 5.0;
				TARGETED_DEVICE_FAMILY = "1,2";
			};
			name = Debug;
		};
		E604931028A1FED1005C737A /* Release */ = {
			isa = XCBuildConfiguration;
			baseConfigurationReference = C687F55223D344F2CE82774A /* Pods-CoreTests.release.xcconfig */;
			buildSettings = {
				"CODE_SIGN_IDENTITY[sdk=macosx*]" = "-";
				CODE_SIGN_STYLE = Automatic;
				CURRENT_PROJECT_VERSION = 1;
				GENERATE_INFOPLIST_FILE = YES;
				MARKETING_VERSION = 1.0;
				PRODUCT_BUNDLE_IDENTIFIER = com.thoughtworks.ark.CoreTests;
				PRODUCT_NAME = "$(TARGET_NAME)";
				SWIFT_EMIT_LOC_STRINGS = NO;
				SWIFT_VERSION = 5.0;
				TARGETED_DEVICE_FAMILY = "1,2";
			};
			name = Release;
		};
/* End XCBuildConfiguration section */

/* Begin XCConfigurationList section */
		E60492F328A1FED1005C737A /* Build configuration list for PBXProject "Core" */ = {
			isa = XCConfigurationList;
			buildConfigurations = (
				E604930928A1FED1005C737A /* Debug */,
				E604930A28A1FED1005C737A /* Release */,
			);
			defaultConfigurationIsVisible = 0;
			defaultConfigurationName = Release;
		};
		E604930B28A1FED1005C737A /* Build configuration list for PBXNativeTarget "Core" */ = {
			isa = XCConfigurationList;
			buildConfigurations = (
				E604930C28A1FED1005C737A /* Debug */,
				E604930D28A1FED1005C737A /* Release */,
			);
			defaultConfigurationIsVisible = 0;
			defaultConfigurationName = Release;
		};
		E604930E28A1FED1005C737A /* Build configuration list for PBXNativeTarget "CoreTests" */ = {
			isa = XCConfigurationList;
			buildConfigurations = (
				E604930F28A1FED1005C737A /* Debug */,
				E604931028A1FED1005C737A /* Release */,
			);
			defaultConfigurationIsVisible = 0;
			defaultConfigurationName = Release;
		};
/* End XCConfigurationList section */
	};
	rootObject = E60492F028A1FED1005C737A /* Project object */;
}
