// !$*UTF8*$!
{
	archiveVersion = 1;
	classes = {
	};
	objectVersion = 55;
	objects = {

/* Begin PBXBuildFile section */
		B205718D28E143760076EC9E /* DimensionSampleView.swift in Sources */ = {isa = PBXBuildFile; fileRef = B205718C28E143760076EC9E /* DimensionSampleView.swift */; };
		B205719028E143AE0076EC9E /* ColorSampleView.swift in Sources */ = {isa = PBXBuildFile; fileRef = B205718F28E143AE0076EC9E /* ColorSampleView.swift */; };
		B205719328E143E70076EC9E /* TypographySampleView.swift in Sources */ = {isa = PBXBuildFile; fileRef = B205719228E143E70076EC9E /* TypographySampleView.swift */; };
		B205719528E14EF60076EC9E /* AppDelegate.swift in Sources */ = {isa = PBXBuildFile; fileRef = B205719428E14EF60076EC9E /* AppDelegate.swift */; };
		B205719828E151B50076EC9E /* ScaledFontModifier.swift in Sources */ = {isa = PBXBuildFile; fileRef = B205719628E150360076EC9E /* ScaledFontModifier.swift */; };
		B205719A28E152110076EC9E /* FontWeight.swift in Sources */ = {isa = PBXBuildFile; fileRef = B205719928E152110076EC9E /* FontWeight.swift */; };
		B205719C28E1524B0076EC9E /* TextStyleable.swift in Sources */ = {isa = PBXBuildFile; fileRef = B205719B28E1524B0076EC9E /* TextStyleable.swift */; };
		B28795C328FD002E00614653 /* IconName.swift in Sources */ = {isa = PBXBuildFile; fileRef = B28795C228FD002E00614653 /* IconName.swift */; };
		B28795C528FD012D00614653 /* Icons.xcassets in Resources */ = {isa = PBXBuildFile; fileRef = B28795C428FD012D00614653 /* Icons.xcassets */; };
		B28795C828FD0D0900614653 /* IconSampleView.swift in Sources */ = {isa = PBXBuildFile; fileRef = B28795C728FD0D0900614653 /* IconSampleView.swift */; };
		B2A5EFF128BF52C500F3E391 /* ColorPalette.xcassets in Resources */ = {isa = PBXBuildFile; fileRef = B2A5EFF028BF52C500F3E391 /* ColorPalette.xcassets */; };
		B2A5EFF328BF534D00F3E391 /* ColorPalette.swift in Sources */ = {isa = PBXBuildFile; fileRef = B2A5EFF228BF534D00F3E391 /* ColorPalette.swift */; };
		B2FCC69C28CB2FCA0091A202 /* Colors.swift in Sources */ = {isa = PBXBuildFile; fileRef = B2FCC69B28CB2FCA0091A202 /* Colors.swift */; };
		B2FCC69E28CB2FD90091A202 /* Colors.xcassets in Resources */ = {isa = PBXBuildFile; fileRef = B2FCC69D28CB2FD90091A202 /* Colors.xcassets */; };
		B2FCC6DA28CB3B420091A202 /* UISampleApp.swift in Sources */ = {isa = PBXBuildFile; fileRef = B2FCC6D928CB3B420091A202 /* UISampleApp.swift */; };
		B2FCC6DC28CB3B420091A202 /* ContentView.swift in Sources */ = {isa = PBXBuildFile; fileRef = B2FCC6DB28CB3B420091A202 /* ContentView.swift */; };
		B2FCC6DE28CB3B440091A202 /* Assets.xcassets in Resources */ = {isa = PBXBuildFile; fileRef = B2FCC6DD28CB3B440091A202 /* Assets.xcassets */; };
		B2FCC6E128CB3B440091A202 /* Preview Assets.xcassets in Resources */ = {isa = PBXBuildFile; fileRef = B2FCC6E028CB3B440091A202 /* Preview Assets.xcassets */; };
		B2FCC6EB28CB3B440091A202 /* UISampleTests.swift in Sources */ = {isa = PBXBuildFile; fileRef = B2FCC6EA28CB3B440091A202 /* UISampleTests.swift */; };
		B2FCC6F528CB3B440091A202 /* UISampleUITests.swift in Sources */ = {isa = PBXBuildFile; fileRef = B2FCC6F428CB3B440091A202 /* UISampleUITests.swift */; };
		B2FCC6F728CB3B440091A202 /* UISampleUITestsLaunchTests.swift in Sources */ = {isa = PBXBuildFile; fileRef = B2FCC6F628CB3B440091A202 /* UISampleUITestsLaunchTests.swift */; };
		B2FCC70128CB3B8A0091A202 /* UI.framework in Frameworks */ = {isa = PBXBuildFile; fileRef = E604932028A22E60005C737A /* UI.framework */; };
		B2FCC70228CB3B8A0091A202 /* UI.framework in Embed Frameworks */ = {isa = PBXBuildFile; fileRef = E604932028A22E60005C737A /* UI.framework */; settings = {ATTRIBUTES = (CodeSignOnCopy, RemoveHeadersOnCopy, ); }; };
		B2FCC70828CB41570091A202 /* Dimensions.swift in Sources */ = {isa = PBXBuildFile; fileRef = B2FCC70728CB41570091A202 /* Dimensions.swift */; };
		B2FCC70B28D45D220091A202 /* TypographyStyle.swift in Sources */ = {isa = PBXBuildFile; fileRef = B2FCC70A28D45D220091A202 /* TypographyStyle.swift */; };
		B2FCC71A28D4643B0091A202 /* Roboto-Medium.ttf in Resources */ = {isa = PBXBuildFile; fileRef = B2FCC70D28D4643A0091A202 /* Roboto-Medium.ttf */; };
		B2FCC71B28D4643B0091A202 /* Roboto-Light.ttf in Resources */ = {isa = PBXBuildFile; fileRef = B2FCC70E28D4643A0091A202 /* Roboto-Light.ttf */; };
		B2FCC71C28D4643B0091A202 /* Roboto-Regular.ttf in Resources */ = {isa = PBXBuildFile; fileRef = B2FCC70F28D4643A0091A202 /* Roboto-Regular.ttf */; };
		B2FCC71D28D4643B0091A202 /* Roboto-MediumItalic.ttf in Resources */ = {isa = PBXBuildFile; fileRef = B2FCC71028D4643A0091A202 /* Roboto-MediumItalic.ttf */; };
		B2FCC71E28D4643B0091A202 /* Roboto-ThinItalic.ttf in Resources */ = {isa = PBXBuildFile; fileRef = B2FCC71128D4643A0091A202 /* Roboto-ThinItalic.ttf */; };
		B2FCC71F28D4643B0091A202 /* Roboto-BoldItalic.ttf in Resources */ = {isa = PBXBuildFile; fileRef = B2FCC71228D4643A0091A202 /* Roboto-BoldItalic.ttf */; };
		B2FCC72028D4643B0091A202 /* Roboto-LightItalic.ttf in Resources */ = {isa = PBXBuildFile; fileRef = B2FCC71328D4643A0091A202 /* Roboto-LightItalic.ttf */; };
		B2FCC72128D4643B0091A202 /* Roboto-Italic.ttf in Resources */ = {isa = PBXBuildFile; fileRef = B2FCC71428D4643A0091A202 /* Roboto-Italic.ttf */; };
		B2FCC72228D4643B0091A202 /* LICENSE.txt in Resources */ = {isa = PBXBuildFile; fileRef = B2FCC71528D4643A0091A202 /* LICENSE.txt */; };
		B2FCC72328D4643B0091A202 /* Roboto-BlackItalic.ttf in Resources */ = {isa = PBXBuildFile; fileRef = B2FCC71628D4643A0091A202 /* Roboto-BlackItalic.ttf */; };
		B2FCC72428D4643B0091A202 /* Roboto-Bold.ttf in Resources */ = {isa = PBXBuildFile; fileRef = B2FCC71728D4643A0091A202 /* Roboto-Bold.ttf */; };
		B2FCC72528D4643B0091A202 /* Roboto-Thin.ttf in Resources */ = {isa = PBXBuildFile; fileRef = B2FCC71828D4643A0091A202 /* Roboto-Thin.ttf */; };
		B2FCC72628D4643B0091A202 /* Roboto-Black.ttf in Resources */ = {isa = PBXBuildFile; fileRef = B2FCC71928D4643A0091A202 /* Roboto-Black.ttf */; };
		B2FCC72828D4645D0091A202 /* CustomFont.swift in Sources */ = {isa = PBXBuildFile; fileRef = B2FCC72728D4645D0091A202 /* CustomFont.swift */; };
		E5EF1FF10147F1C679ABBBC6 /* Pods_UITests.framework in Frameworks */ = {isa = PBXBuildFile; fileRef = F229A0E60399760A38B41D2C /* Pods_UITests.framework */; };
		E604932928A22E60005C737A /* UI.framework in Frameworks */ = {isa = PBXBuildFile; fileRef = E604932028A22E60005C737A /* UI.framework */; };
		E604932E28A22E60005C737A /* UITests.swift in Sources */ = {isa = PBXBuildFile; fileRef = E604932D28A22E60005C737A /* UITests.swift */; };
		E604932F28A22E60005C737A /* UI.h in Headers */ = {isa = PBXBuildFile; fileRef = E604932328A22E60005C737A /* UI.h */; settings = {ATTRIBUTES = (Public, ); }; };
		E674B1F628B74EE500C689A2 /* UI.swift in Sources */ = {isa = PBXBuildFile; fileRef = E674B1F528B74EE500C689A2 /* UI.swift */; };
		F34B5AF9E0C1516AC1AA8B4B /* Pods_UI.framework in Frameworks */ = {isa = PBXBuildFile; fileRef = 251869661955EE2A00EA3351 /* Pods_UI.framework */; };
/* End PBXBuildFile section */

/* Begin PBXContainerItemProxy section */
		B2FCC6E728CB3B440091A202 /* PBXContainerItemProxy */ = {
			isa = PBXContainerItemProxy;
			containerPortal = E604931728A22E60005C737A /* Project object */;
			proxyType = 1;
			remoteGlobalIDString = B2FCC6D628CB3B420091A202;
			remoteInfo = UISample;
		};
		B2FCC6F128CB3B440091A202 /* PBXContainerItemProxy */ = {
			isa = PBXContainerItemProxy;
			containerPortal = E604931728A22E60005C737A /* Project object */;
			proxyType = 1;
			remoteGlobalIDString = B2FCC6D628CB3B420091A202;
			remoteInfo = UISample;
		};
		B2FCC70328CB3B8A0091A202 /* PBXContainerItemProxy */ = {
			isa = PBXContainerItemProxy;
			containerPortal = E604931728A22E60005C737A /* Project object */;
			proxyType = 1;
			remoteGlobalIDString = E604931F28A22E60005C737A;
			remoteInfo = UI;
		};
		E604932A28A22E60005C737A /* PBXContainerItemProxy */ = {
			isa = PBXContainerItemProxy;
			containerPortal = E604931728A22E60005C737A /* Project object */;
			proxyType = 1;
			remoteGlobalIDString = E604931F28A22E60005C737A;
			remoteInfo = UI;
		};
/* End PBXContainerItemProxy section */

/* Begin PBXCopyFilesBuildPhase section */
		B2FCC70528CB3B8A0091A202 /* Embed Frameworks */ = {
			isa = PBXCopyFilesBuildPhase;
			buildActionMask = 2147483647;
			dstPath = "";
			dstSubfolderSpec = 10;
			files = (
				B2FCC70228CB3B8A0091A202 /* UI.framework in Embed Frameworks */,
			);
			name = "Embed Frameworks";
			runOnlyForDeploymentPostprocessing = 0;
		};
/* End PBXCopyFilesBuildPhase section */

/* Begin PBXFileReference section */
		0387083DB816A3DE28D1EA2C /* Pods-UI.debug.xcconfig */ = {isa = PBXFileReference; includeInIndex = 1; lastKnownFileType = text.xcconfig; name = "Pods-UI.debug.xcconfig"; path = "Target Support Files/Pods-UI/Pods-UI.debug.xcconfig"; sourceTree = "<group>"; };
		18D942B4F389EC3ADCD87197 /* Pods-UI.release.xcconfig */ = {isa = PBXFileReference; includeInIndex = 1; lastKnownFileType = text.xcconfig; name = "Pods-UI.release.xcconfig"; path = "Target Support Files/Pods-UI/Pods-UI.release.xcconfig"; sourceTree = "<group>"; };
		251869661955EE2A00EA3351 /* Pods_UI.framework */ = {isa = PBXFileReference; explicitFileType = wrapper.framework; includeInIndex = 0; path = Pods_UI.framework; sourceTree = BUILT_PRODUCTS_DIR; };
		7CA7598A991D590D4C2B19A3 /* Pods-UITests.debug.xcconfig */ = {isa = PBXFileReference; includeInIndex = 1; lastKnownFileType = text.xcconfig; name = "Pods-UITests.debug.xcconfig"; path = "Target Support Files/Pods-UITests/Pods-UITests.debug.xcconfig"; sourceTree = "<group>"; };
		B205718C28E143760076EC9E /* DimensionSampleView.swift */ = {isa = PBXFileReference; lastKnownFileType = sourcecode.swift; path = DimensionSampleView.swift; sourceTree = "<group>"; };
		B205718F28E143AE0076EC9E /* ColorSampleView.swift */ = {isa = PBXFileReference; lastKnownFileType = sourcecode.swift; path = ColorSampleView.swift; sourceTree = "<group>"; };
		B205719228E143E70076EC9E /* TypographySampleView.swift */ = {isa = PBXFileReference; lastKnownFileType = sourcecode.swift; path = TypographySampleView.swift; sourceTree = "<group>"; };
		B205719428E14EF60076EC9E /* AppDelegate.swift */ = {isa = PBXFileReference; lastKnownFileType = sourcecode.swift; path = AppDelegate.swift; sourceTree = "<group>"; };
		B205719628E150360076EC9E /* ScaledFontModifier.swift */ = {isa = PBXFileReference; lastKnownFileType = sourcecode.swift; path = ScaledFontModifier.swift; sourceTree = "<group>"; };
		B205719928E152110076EC9E /* FontWeight.swift */ = {isa = PBXFileReference; lastKnownFileType = sourcecode.swift; path = FontWeight.swift; sourceTree = "<group>"; };
		B205719B28E1524B0076EC9E /* TextStyleable.swift */ = {isa = PBXFileReference; lastKnownFileType = sourcecode.swift; path = TextStyleable.swift; sourceTree = "<group>"; };
		B28795C228FD002E00614653 /* IconName.swift */ = {isa = PBXFileReference; lastKnownFileType = sourcecode.swift; path = IconName.swift; sourceTree = "<group>"; };
		B28795C428FD012D00614653 /* Icons.xcassets */ = {isa = PBXFileReference; lastKnownFileType = folder.assetcatalog; path = Icons.xcassets; sourceTree = "<group>"; };
		B28795C728FD0D0900614653 /* IconSampleView.swift */ = {isa = PBXFileReference; lastKnownFileType = sourcecode.swift; path = IconSampleView.swift; sourceTree = "<group>"; };
		B2A5EFF028BF52C500F3E391 /* ColorPalette.xcassets */ = {isa = PBXFileReference; lastKnownFileType = folder.assetcatalog; path = ColorPalette.xcassets; sourceTree = "<group>"; };
		B2A5EFF228BF534D00F3E391 /* ColorPalette.swift */ = {isa = PBXFileReference; lastKnownFileType = sourcecode.swift; path = ColorPalette.swift; sourceTree = "<group>"; };
		B2FCC69B28CB2FCA0091A202 /* Colors.swift */ = {isa = PBXFileReference; lastKnownFileType = sourcecode.swift; path = Colors.swift; sourceTree = "<group>"; };
		B2FCC69D28CB2FD90091A202 /* Colors.xcassets */ = {isa = PBXFileReference; lastKnownFileType = folder.assetcatalog; path = Colors.xcassets; sourceTree = "<group>"; };
		B2FCC6D728CB3B420091A202 /* UISample.app */ = {isa = PBXFileReference; explicitFileType = wrapper.application; includeInIndex = 0; path = UISample.app; sourceTree = BUILT_PRODUCTS_DIR; };
		B2FCC6D928CB3B420091A202 /* UISampleApp.swift */ = {isa = PBXFileReference; lastKnownFileType = sourcecode.swift; path = UISampleApp.swift; sourceTree = "<group>"; };
		B2FCC6DB28CB3B420091A202 /* ContentView.swift */ = {isa = PBXFileReference; lastKnownFileType = sourcecode.swift; path = ContentView.swift; sourceTree = "<group>"; };
		B2FCC6DD28CB3B440091A202 /* Assets.xcassets */ = {isa = PBXFileReference; lastKnownFileType = folder.assetcatalog; path = Assets.xcassets; sourceTree = "<group>"; };
		B2FCC6E028CB3B440091A202 /* Preview Assets.xcassets */ = {isa = PBXFileReference; lastKnownFileType = folder.assetcatalog; path = "Preview Assets.xcassets"; sourceTree = "<group>"; };
		B2FCC6E628CB3B440091A202 /* UISampleTests.xctest */ = {isa = PBXFileReference; explicitFileType = wrapper.cfbundle; includeInIndex = 0; path = UISampleTests.xctest; sourceTree = BUILT_PRODUCTS_DIR; };
		B2FCC6EA28CB3B440091A202 /* UISampleTests.swift */ = {isa = PBXFileReference; lastKnownFileType = sourcecode.swift; path = UISampleTests.swift; sourceTree = "<group>"; };
		B2FCC6F028CB3B440091A202 /* UISampleUITests.xctest */ = {isa = PBXFileReference; explicitFileType = wrapper.cfbundle; includeInIndex = 0; path = UISampleUITests.xctest; sourceTree = BUILT_PRODUCTS_DIR; };
		B2FCC6F428CB3B440091A202 /* UISampleUITests.swift */ = {isa = PBXFileReference; lastKnownFileType = sourcecode.swift; path = UISampleUITests.swift; sourceTree = "<group>"; };
		B2FCC6F628CB3B440091A202 /* UISampleUITestsLaunchTests.swift */ = {isa = PBXFileReference; lastKnownFileType = sourcecode.swift; path = UISampleUITestsLaunchTests.swift; sourceTree = "<group>"; };
		B2FCC70728CB41570091A202 /* Dimensions.swift */ = {isa = PBXFileReference; lastKnownFileType = sourcecode.swift; path = Dimensions.swift; sourceTree = "<group>"; };
		B2FCC70A28D45D220091A202 /* TypographyStyle.swift */ = {isa = PBXFileReference; lastKnownFileType = sourcecode.swift; path = TypographyStyle.swift; sourceTree = "<group>"; };
		B2FCC70D28D4643A0091A202 /* Roboto-Medium.ttf */ = {isa = PBXFileReference; lastKnownFileType = file; path = "Roboto-Medium.ttf"; sourceTree = "<group>"; };
		B2FCC70E28D4643A0091A202 /* Roboto-Light.ttf */ = {isa = PBXFileReference; lastKnownFileType = file; path = "Roboto-Light.ttf"; sourceTree = "<group>"; };
		B2FCC70F28D4643A0091A202 /* Roboto-Regular.ttf */ = {isa = PBXFileReference; lastKnownFileType = file; path = "Roboto-Regular.ttf"; sourceTree = "<group>"; };
		B2FCC71028D4643A0091A202 /* Roboto-MediumItalic.ttf */ = {isa = PBXFileReference; lastKnownFileType = file; path = "Roboto-MediumItalic.ttf"; sourceTree = "<group>"; };
		B2FCC71128D4643A0091A202 /* Roboto-ThinItalic.ttf */ = {isa = PBXFileReference; lastKnownFileType = file; path = "Roboto-ThinItalic.ttf"; sourceTree = "<group>"; };
		B2FCC71228D4643A0091A202 /* Roboto-BoldItalic.ttf */ = {isa = PBXFileReference; lastKnownFileType = file; path = "Roboto-BoldItalic.ttf"; sourceTree = "<group>"; };
		B2FCC71328D4643A0091A202 /* Roboto-LightItalic.ttf */ = {isa = PBXFileReference; lastKnownFileType = file; path = "Roboto-LightItalic.ttf"; sourceTree = "<group>"; };
		B2FCC71428D4643A0091A202 /* Roboto-Italic.ttf */ = {isa = PBXFileReference; lastKnownFileType = file; path = "Roboto-Italic.ttf"; sourceTree = "<group>"; };
		B2FCC71528D4643A0091A202 /* LICENSE.txt */ = {isa = PBXFileReference; fileEncoding = 4; lastKnownFileType = text; path = LICENSE.txt; sourceTree = "<group>"; };
		B2FCC71628D4643A0091A202 /* Roboto-BlackItalic.ttf */ = {isa = PBXFileReference; lastKnownFileType = file; path = "Roboto-BlackItalic.ttf"; sourceTree = "<group>"; };
		B2FCC71728D4643A0091A202 /* Roboto-Bold.ttf */ = {isa = PBXFileReference; lastKnownFileType = file; path = "Roboto-Bold.ttf"; sourceTree = "<group>"; };
		B2FCC71828D4643A0091A202 /* Roboto-Thin.ttf */ = {isa = PBXFileReference; lastKnownFileType = file; path = "Roboto-Thin.ttf"; sourceTree = "<group>"; };
		B2FCC71928D4643A0091A202 /* Roboto-Black.ttf */ = {isa = PBXFileReference; lastKnownFileType = file; path = "Roboto-Black.ttf"; sourceTree = "<group>"; };
		B2FCC72728D4645D0091A202 /* CustomFont.swift */ = {isa = PBXFileReference; lastKnownFileType = sourcecode.swift; path = CustomFont.swift; sourceTree = "<group>"; };
		CD07D66B6A72B4E781BC7F90 /* Pods-UITests.release.xcconfig */ = {isa = PBXFileReference; includeInIndex = 1; lastKnownFileType = text.xcconfig; name = "Pods-UITests.release.xcconfig"; path = "Target Support Files/Pods-UITests/Pods-UITests.release.xcconfig"; sourceTree = "<group>"; };
		E604932028A22E60005C737A /* UI.framework */ = {isa = PBXFileReference; explicitFileType = wrapper.framework; includeInIndex = 0; path = UI.framework; sourceTree = BUILT_PRODUCTS_DIR; };
		E604932328A22E60005C737A /* UI.h */ = {isa = PBXFileReference; lastKnownFileType = sourcecode.c.h; path = UI.h; sourceTree = "<group>"; };
		E604932828A22E60005C737A /* UITests.xctest */ = {isa = PBXFileReference; explicitFileType = wrapper.cfbundle; includeInIndex = 0; path = UITests.xctest; sourceTree = BUILT_PRODUCTS_DIR; };
		E604932D28A22E60005C737A /* UITests.swift */ = {isa = PBXFileReference; lastKnownFileType = sourcecode.swift; path = UITests.swift; sourceTree = "<group>"; };
		E674B1F528B74EE500C689A2 /* UI.swift */ = {isa = PBXFileReference; lastKnownFileType = sourcecode.swift; path = UI.swift; sourceTree = "<group>"; };
		F229A0E60399760A38B41D2C /* Pods_UITests.framework */ = {isa = PBXFileReference; explicitFileType = wrapper.framework; includeInIndex = 0; path = Pods_UITests.framework; sourceTree = BUILT_PRODUCTS_DIR; };
/* End PBXFileReference section */

/* Begin PBXFrameworksBuildPhase section */
		B2FCC6D428CB3B420091A202 /* Frameworks */ = {
			isa = PBXFrameworksBuildPhase;
			buildActionMask = 2147483647;
			files = (
				B2FCC70128CB3B8A0091A202 /* UI.framework in Frameworks */,
			);
			runOnlyForDeploymentPostprocessing = 0;
		};
		B2FCC6E328CB3B440091A202 /* Frameworks */ = {
			isa = PBXFrameworksBuildPhase;
			buildActionMask = 2147483647;
			files = (
			);
			runOnlyForDeploymentPostprocessing = 0;
		};
		B2FCC6ED28CB3B440091A202 /* Frameworks */ = {
			isa = PBXFrameworksBuildPhase;
			buildActionMask = 2147483647;
			files = (
			);
			runOnlyForDeploymentPostprocessing = 0;
		};
		E604931D28A22E60005C737A /* Frameworks */ = {
			isa = PBXFrameworksBuildPhase;
			buildActionMask = 2147483647;
			files = (
				F34B5AF9E0C1516AC1AA8B4B /* Pods_UI.framework in Frameworks */,
			);
			runOnlyForDeploymentPostprocessing = 0;
		};
		E604932528A22E60005C737A /* Frameworks */ = {
			isa = PBXFrameworksBuildPhase;
			buildActionMask = 2147483647;
			files = (
				E604932928A22E60005C737A /* UI.framework in Frameworks */,
				E5EF1FF10147F1C679ABBBC6 /* Pods_UITests.framework in Frameworks */,
			);
			runOnlyForDeploymentPostprocessing = 0;
		};
/* End PBXFrameworksBuildPhase section */

/* Begin PBXGroup section */
		26BC80909B620AA166180FB5 /* Pods */ = {
			isa = PBXGroup;
			children = (
				0387083DB816A3DE28D1EA2C /* Pods-UI.debug.xcconfig */,
				18D942B4F389EC3ADCD87197 /* Pods-UI.release.xcconfig */,
				7CA7598A991D590D4C2B19A3 /* Pods-UITests.debug.xcconfig */,
				CD07D66B6A72B4E781BC7F90 /* Pods-UITests.release.xcconfig */,
			);
			path = Pods;
			sourceTree = "<group>";
		};
		69146DE391DB6ED8CE1ED201 /* Frameworks */ = {
			isa = PBXGroup;
			children = (
				251869661955EE2A00EA3351 /* Pods_UI.framework */,
				F229A0E60399760A38B41D2C /* Pods_UITests.framework */,
			);
			name = Frameworks;
			sourceTree = "<group>";
		};
		B205718B28E143540076EC9E /* Dimension */ = {
			isa = PBXGroup;
			children = (
				B205718C28E143760076EC9E /* DimensionSampleView.swift */,
			);
			path = Dimension;
			sourceTree = "<group>";
		};
		B205718E28E1439A0076EC9E /* Color */ = {
			isa = PBXGroup;
			children = (
				B205718F28E143AE0076EC9E /* ColorSampleView.swift */,
			);
			path = Color;
			sourceTree = "<group>";
		};
		B205719128E143CC0076EC9E /* Typography */ = {
			isa = PBXGroup;
			children = (
				B205719228E143E70076EC9E /* TypographySampleView.swift */,
			);
			path = Typography;
			sourceTree = "<group>";
		};
		B28795C128FD001A00614653 /* Image */ = {
			isa = PBXGroup;
			children = (
				B28795C228FD002E00614653 /* IconName.swift */,
				B28795C428FD012D00614653 /* Icons.xcassets */,
			);
			path = Image;
			sourceTree = "<group>";
		};
		B28795C628FD0CF900614653 /* Icon */ = {
			isa = PBXGroup;
			children = (
				B28795C728FD0D0900614653 /* IconSampleView.swift */,
			);
			path = Icon;
			sourceTree = "<group>";
		};
		B2A5EFEE28BF529D00F3E391 /* Theme */ = {
			isa = PBXGroup;
			children = (
				B2A5EFEF28BF52A300F3E391 /* Colors */,
				B2FCC70628CB41470091A202 /* Dimension */,
				B28795C128FD001A00614653 /* Image */,
				B2FCC70928D45CDC0091A202 /* Typography */,
			);
			path = Theme;
			sourceTree = "<group>";
		};
		B2A5EFEF28BF52A300F3E391 /* Colors */ = {
			isa = PBXGroup;
			children = (
				B2A5EFF028BF52C500F3E391 /* ColorPalette.xcassets */,
				B2FCC69D28CB2FD90091A202 /* Colors.xcassets */,
				B2A5EFF228BF534D00F3E391 /* ColorPalette.swift */,
				B2FCC69B28CB2FCA0091A202 /* Colors.swift */,
			);
			path = Colors;
			sourceTree = "<group>";
		};
		B2FCC6D828CB3B420091A202 /* UISample */ = {
			isa = PBXGroup;
			children = (
				B28795C628FD0CF900614653 /* Icon */,
				B205719128E143CC0076EC9E /* Typography */,
				B205718E28E1439A0076EC9E /* Color */,
				B205718B28E143540076EC9E /* Dimension */,
				B2FCC6D928CB3B420091A202 /* UISampleApp.swift */,
				B205719428E14EF60076EC9E /* AppDelegate.swift */,
				B2FCC6DB28CB3B420091A202 /* ContentView.swift */,
				B2FCC6DD28CB3B440091A202 /* Assets.xcassets */,
				B2FCC6DF28CB3B440091A202 /* Preview Content */,
			);
			path = UISample;
			sourceTree = "<group>";
		};
		B2FCC6DF28CB3B440091A202 /* Preview Content */ = {
			isa = PBXGroup;
			children = (
				B2FCC6E028CB3B440091A202 /* Preview Assets.xcassets */,
			);
			path = "Preview Content";
			sourceTree = "<group>";
		};
		B2FCC6E928CB3B440091A202 /* UISampleTests */ = {
			isa = PBXGroup;
			children = (
				B2FCC6EA28CB3B440091A202 /* UISampleTests.swift */,
			);
			path = UISampleTests;
			sourceTree = "<group>";
		};
		B2FCC6F328CB3B440091A202 /* UISampleUITests */ = {
			isa = PBXGroup;
			children = (
				B2FCC6F428CB3B440091A202 /* UISampleUITests.swift */,
				B2FCC6F628CB3B440091A202 /* UISampleUITestsLaunchTests.swift */,
			);
			path = UISampleUITests;
			sourceTree = "<group>";
		};
		B2FCC70628CB41470091A202 /* Dimension */ = {
			isa = PBXGroup;
			children = (
				B2FCC70728CB41570091A202 /* Dimensions.swift */,
			);
			path = Dimension;
			sourceTree = "<group>";
		};
		B2FCC70928D45CDC0091A202 /* Typography */ = {
			isa = PBXGroup;
			children = (
				B2FCC70C28D4643A0091A202 /* Roboto */,
				B2FCC70A28D45D220091A202 /* TypographyStyle.swift */,
				B205719928E152110076EC9E /* FontWeight.swift */,
				B205719B28E1524B0076EC9E /* TextStyleable.swift */,
				B2FCC72728D4645D0091A202 /* CustomFont.swift */,
				B205719628E150360076EC9E /* ScaledFontModifier.swift */,
			);
			path = Typography;
			sourceTree = "<group>";
		};
		B2FCC70C28D4643A0091A202 /* Roboto */ = {
			isa = PBXGroup;
			children = (
				B2FCC70D28D4643A0091A202 /* Roboto-Medium.ttf */,
				B2FCC70E28D4643A0091A202 /* Roboto-Light.ttf */,
				B2FCC70F28D4643A0091A202 /* Roboto-Regular.ttf */,
				B2FCC71028D4643A0091A202 /* Roboto-MediumItalic.ttf */,
				B2FCC71128D4643A0091A202 /* Roboto-ThinItalic.ttf */,
				B2FCC71228D4643A0091A202 /* Roboto-BoldItalic.ttf */,
				B2FCC71328D4643A0091A202 /* Roboto-LightItalic.ttf */,
				B2FCC71428D4643A0091A202 /* Roboto-Italic.ttf */,
				B2FCC71528D4643A0091A202 /* LICENSE.txt */,
				B2FCC71628D4643A0091A202 /* Roboto-BlackItalic.ttf */,
				B2FCC71728D4643A0091A202 /* Roboto-Bold.ttf */,
				B2FCC71828D4643A0091A202 /* Roboto-Thin.ttf */,
				B2FCC71928D4643A0091A202 /* Roboto-Black.ttf */,
			);
			path = Roboto;
			sourceTree = "<group>";
		};
		E604931628A22E60005C737A = {
			isa = PBXGroup;
			children = (
				E604932228A22E60005C737A /* Sources */,
				E604932C28A22E60005C737A /* Tests */,
				B2FCC6D828CB3B420091A202 /* UISample */,
				B2FCC6E928CB3B440091A202 /* UISampleTests */,
				B2FCC6F328CB3B440091A202 /* UISampleUITests */,
				E604932128A22E60005C737A /* Products */,
				26BC80909B620AA166180FB5 /* Pods */,
				69146DE391DB6ED8CE1ED201 /* Frameworks */,
			);
			sourceTree = "<group>";
		};
		E604932128A22E60005C737A /* Products */ = {
			isa = PBXGroup;
			children = (
				E604932028A22E60005C737A /* UI.framework */,
				E604932828A22E60005C737A /* UITests.xctest */,
				B2FCC6D728CB3B420091A202 /* UISample.app */,
				B2FCC6E628CB3B440091A202 /* UISampleTests.xctest */,
				B2FCC6F028CB3B440091A202 /* UISampleUITests.xctest */,
			);
			name = Products;
			sourceTree = "<group>";
		};
		E604932228A22E60005C737A /* Sources */ = {
			isa = PBXGroup;
			children = (
				B2A5EFEE28BF529D00F3E391 /* Theme */,
				E604932328A22E60005C737A /* UI.h */,
				E674B1F528B74EE500C689A2 /* UI.swift */,
			);
			path = Sources;
			sourceTree = "<group>";
		};
		E604932C28A22E60005C737A /* Tests */ = {
			isa = PBXGroup;
			children = (
				E604932D28A22E60005C737A /* UITests.swift */,
			);
			path = Tests;
			sourceTree = "<group>";
		};
/* End PBXGroup section */

/* Begin PBXHeadersBuildPhase section */
		E604931B28A22E60005C737A /* Headers */ = {
			isa = PBXHeadersBuildPhase;
			buildActionMask = 2147483647;
			files = (
				E604932F28A22E60005C737A /* UI.h in Headers */,
			);
			runOnlyForDeploymentPostprocessing = 0;
		};
/* End PBXHeadersBuildPhase section */

/* Begin PBXNativeTarget section */
		B2FCC6D628CB3B420091A202 /* UISample */ = {
			isa = PBXNativeTarget;
			buildConfigurationList = B2FCC6FE28CB3B440091A202 /* Build configuration list for PBXNativeTarget "UISample" */;
			buildPhases = (
				B2FCC6D328CB3B420091A202 /* Sources */,
				B2FCC6D428CB3B420091A202 /* Frameworks */,
				B2FCC6D528CB3B420091A202 /* Resources */,
				B2FCC70528CB3B8A0091A202 /* Embed Frameworks */,
			);
			buildRules = (
			);
			dependencies = (
				B2FCC70428CB3B8A0091A202 /* PBXTargetDependency */,
			);
			name = UISample;
			productName = UISample;
			productReference = B2FCC6D728CB3B420091A202 /* UISample.app */;
			productType = "com.apple.product-type.application";
		};
		B2FCC6E528CB3B440091A202 /* UISampleTests */ = {
			isa = PBXNativeTarget;
			buildConfigurationList = B2FCC6FF28CB3B440091A202 /* Build configuration list for PBXNativeTarget "UISampleTests" */;
			buildPhases = (
				B2FCC6E228CB3B440091A202 /* Sources */,
				B2FCC6E328CB3B440091A202 /* Frameworks */,
				B2FCC6E428CB3B440091A202 /* Resources */,
			);
			buildRules = (
			);
			dependencies = (
				B2FCC6E828CB3B440091A202 /* PBXTargetDependency */,
			);
			name = UISampleTests;
			productName = UISampleTests;
			productReference = B2FCC6E628CB3B440091A202 /* UISampleTests.xctest */;
			productType = "com.apple.product-type.bundle.unit-test";
		};
		B2FCC6EF28CB3B440091A202 /* UISampleUITests */ = {
			isa = PBXNativeTarget;
			buildConfigurationList = B2FCC70028CB3B440091A202 /* Build configuration list for PBXNativeTarget "UISampleUITests" */;
			buildPhases = (
				B2FCC6EC28CB3B440091A202 /* Sources */,
				B2FCC6ED28CB3B440091A202 /* Frameworks */,
				B2FCC6EE28CB3B440091A202 /* Resources */,
			);
			buildRules = (
			);
			dependencies = (
				B2FCC6F228CB3B440091A202 /* PBXTargetDependency */,
			);
			name = UISampleUITests;
			productName = UISampleUITests;
			productReference = B2FCC6F028CB3B440091A202 /* UISampleUITests.xctest */;
			productType = "com.apple.product-type.bundle.ui-testing";
		};
		E604931F28A22E60005C737A /* UI */ = {
			isa = PBXNativeTarget;
			buildConfigurationList = E604933228A22E60005C737A /* Build configuration list for PBXNativeTarget "UI" */;
			buildPhases = (
				0EDC2A87FC9F24061E3C3C6B /* [CP] Check Pods Manifest.lock */,
				E604931B28A22E60005C737A /* Headers */,
				E604931C28A22E60005C737A /* Sources */,
				E604931D28A22E60005C737A /* Frameworks */,
				E604931E28A22E60005C737A /* Resources */,
			);
			buildRules = (
			);
			dependencies = (
			);
			name = UI;
			productName = UI;
			productReference = E604932028A22E60005C737A /* UI.framework */;
			productType = "com.apple.product-type.framework";
		};
		E604932728A22E60005C737A /* UITests */ = {
			isa = PBXNativeTarget;
			buildConfigurationList = E604933528A22E60005C737A /* Build configuration list for PBXNativeTarget "UITests" */;
			buildPhases = (
				2C416B9437860EC56B6EB23F /* [CP] Check Pods Manifest.lock */,
				E604932428A22E60005C737A /* Sources */,
				E604932528A22E60005C737A /* Frameworks */,
				E604932628A22E60005C737A /* Resources */,
			);
			buildRules = (
			);
			dependencies = (
				E604932B28A22E60005C737A /* PBXTargetDependency */,
			);
			name = UITests;
			productName = UITests;
			productReference = E604932828A22E60005C737A /* UITests.xctest */;
			productType = "com.apple.product-type.bundle.unit-test";
		};
/* End PBXNativeTarget section */

/* Begin PBXProject section */
		E604931728A22E60005C737A /* Project object */ = {
			isa = PBXProject;
			attributes = {
				BuildIndependentTargetsInParallel = 1;
				LastSwiftUpdateCheck = 1320;
				LastUpgradeCheck = 1340;
				TargetAttributes = {
					B2FCC6D628CB3B420091A202 = {
						CreatedOnToolsVersion = 13.2.1;
					};
					B2FCC6E528CB3B440091A202 = {
						CreatedOnToolsVersion = 13.2.1;
						TestTargetID = B2FCC6D628CB3B420091A202;
					};
					B2FCC6EF28CB3B440091A202 = {
						CreatedOnToolsVersion = 13.2.1;
						TestTargetID = B2FCC6D628CB3B420091A202;
					};
					E604931F28A22E60005C737A = {
						CreatedOnToolsVersion = 13.4.1;
						LastSwiftMigration = 1340;
					};
					E604932728A22E60005C737A = {
						CreatedOnToolsVersion = 13.4.1;
					};
				};
			};
			buildConfigurationList = E604931A28A22E60005C737A /* Build configuration list for PBXProject "UI" */;
			compatibilityVersion = "Xcode 13.0";
			developmentRegion = en;
			hasScannedForEncodings = 0;
			knownRegions = (
				en,
				Base,
			);
			mainGroup = E604931628A22E60005C737A;
			productRefGroup = E604932128A22E60005C737A /* Products */;
			projectDirPath = "";
			projectRoot = "";
			targets = (
				E604931F28A22E60005C737A /* UI */,
				E604932728A22E60005C737A /* UITests */,
				B2FCC6D628CB3B420091A202 /* UISample */,
				B2FCC6E528CB3B440091A202 /* UISampleTests */,
				B2FCC6EF28CB3B440091A202 /* UISampleUITests */,
			);
		};
/* End PBXProject section */

/* Begin PBXResourcesBuildPhase section */
		B2FCC6D528CB3B420091A202 /* Resources */ = {
			isa = PBXResourcesBuildPhase;
			buildActionMask = 2147483647;
			files = (
				B2FCC6E128CB3B440091A202 /* Preview Assets.xcassets in Resources */,
				B2FCC6DE28CB3B440091A202 /* Assets.xcassets in Resources */,
			);
			runOnlyForDeploymentPostprocessing = 0;
		};
		B2FCC6E428CB3B440091A202 /* Resources */ = {
			isa = PBXResourcesBuildPhase;
			buildActionMask = 2147483647;
			files = (
			);
			runOnlyForDeploymentPostprocessing = 0;
		};
		B2FCC6EE28CB3B440091A202 /* Resources */ = {
			isa = PBXResourcesBuildPhase;
			buildActionMask = 2147483647;
			files = (
			);
			runOnlyForDeploymentPostprocessing = 0;
		};
		E604931E28A22E60005C737A /* Resources */ = {
			isa = PBXResourcesBuildPhase;
			buildActionMask = 2147483647;
			files = (
				B2FCC72528D4643B0091A202 /* Roboto-Thin.ttf in Resources */,
				B28795C528FD012D00614653 /* Icons.xcassets in Resources */,
				B2FCC72228D4643B0091A202 /* LICENSE.txt in Resources */,
				B2FCC72628D4643B0091A202 /* Roboto-Black.ttf in Resources */,
				B2FCC72428D4643B0091A202 /* Roboto-Bold.ttf in Resources */,
				B2A5EFF128BF52C500F3E391 /* ColorPalette.xcassets in Resources */,
				B2FCC69E28CB2FD90091A202 /* Colors.xcassets in Resources */,
				B2FCC71F28D4643B0091A202 /* Roboto-BoldItalic.ttf in Resources */,
				B2FCC71C28D4643B0091A202 /* Roboto-Regular.ttf in Resources */,
				B2FCC71E28D4643B0091A202 /* Roboto-ThinItalic.ttf in Resources */,
				B2FCC72028D4643B0091A202 /* Roboto-LightItalic.ttf in Resources */,
				B2FCC72328D4643B0091A202 /* Roboto-BlackItalic.ttf in Resources */,
				B2FCC71B28D4643B0091A202 /* Roboto-Light.ttf in Resources */,
				B2FCC72128D4643B0091A202 /* Roboto-Italic.ttf in Resources */,
				B2FCC71D28D4643B0091A202 /* Roboto-MediumItalic.ttf in Resources */,
				B2FCC71A28D4643B0091A202 /* Roboto-Medium.ttf in Resources */,
			);
			runOnlyForDeploymentPostprocessing = 0;
		};
		E604932628A22E60005C737A /* Resources */ = {
			isa = PBXResourcesBuildPhase;
			buildActionMask = 2147483647;
			files = (
			);
			runOnlyForDeploymentPostprocessing = 0;
		};
/* End PBXResourcesBuildPhase section */

/* Begin PBXShellScriptBuildPhase section */
		0EDC2A87FC9F24061E3C3C6B /* [CP] Check Pods Manifest.lock */ = {
			isa = PBXShellScriptBuildPhase;
			buildActionMask = 2147483647;
			files = (
			);
			inputFileListPaths = (
			);
			inputPaths = (
				"${PODS_PODFILE_DIR_PATH}/Podfile.lock",
				"${PODS_ROOT}/Manifest.lock",
			);
			name = "[CP] Check Pods Manifest.lock";
			outputFileListPaths = (
			);
			outputPaths = (
				"$(DERIVED_FILE_DIR)/Pods-UI-checkManifestLockResult.txt",
			);
			runOnlyForDeploymentPostprocessing = 0;
			shellPath = /bin/sh;
			shellScript = "diff \"${PODS_PODFILE_DIR_PATH}/Podfile.lock\" \"${PODS_ROOT}/Manifest.lock\" > /dev/null\nif [ $? != 0 ] ; then\n    # print error to STDERR\n    echo \"error: The sandbox is not in sync with the Podfile.lock. Run 'pod install' or update your CocoaPods installation.\" >&2\n    exit 1\nfi\n# This output is used by Xcode 'outputs' to avoid re-running this script phase.\necho \"SUCCESS\" > \"${SCRIPT_OUTPUT_FILE_0}\"\n";
			showEnvVarsInLog = 0;
		};
		2C416B9437860EC56B6EB23F /* [CP] Check Pods Manifest.lock */ = {
			isa = PBXShellScriptBuildPhase;
			buildActionMask = 2147483647;
			files = (
			);
			inputFileListPaths = (
			);
			inputPaths = (
				"${PODS_PODFILE_DIR_PATH}/Podfile.lock",
				"${PODS_ROOT}/Manifest.lock",
			);
			name = "[CP] Check Pods Manifest.lock";
			outputFileListPaths = (
			);
			outputPaths = (
				"$(DERIVED_FILE_DIR)/Pods-UITests-checkManifestLockResult.txt",
			);
			runOnlyForDeploymentPostprocessing = 0;
			shellPath = /bin/sh;
			shellScript = "diff \"${PODS_PODFILE_DIR_PATH}/Podfile.lock\" \"${PODS_ROOT}/Manifest.lock\" > /dev/null\nif [ $? != 0 ] ; then\n    # print error to STDERR\n    echo \"error: The sandbox is not in sync with the Podfile.lock. Run 'pod install' or update your CocoaPods installation.\" >&2\n    exit 1\nfi\n# This output is used by Xcode 'outputs' to avoid re-running this script phase.\necho \"SUCCESS\" > \"${SCRIPT_OUTPUT_FILE_0}\"\n";
			showEnvVarsInLog = 0;
		};
/* End PBXShellScriptBuildPhase section */

/* Begin PBXSourcesBuildPhase section */
		B2FCC6D328CB3B420091A202 /* Sources */ = {
			isa = PBXSourcesBuildPhase;
			buildActionMask = 2147483647;
			files = (
				B205719528E14EF60076EC9E /* AppDelegate.swift in Sources */,
				B205719028E143AE0076EC9E /* ColorSampleView.swift in Sources */,
				B28795C828FD0D0900614653 /* IconSampleView.swift in Sources */,
				B205718D28E143760076EC9E /* DimensionSampleView.swift in Sources */,
				B205719328E143E70076EC9E /* TypographySampleView.swift in Sources */,
				B2FCC6DC28CB3B420091A202 /* ContentView.swift in Sources */,
				B2FCC6DA28CB3B420091A202 /* UISampleApp.swift in Sources */,
			);
			runOnlyForDeploymentPostprocessing = 0;
		};
		B2FCC6E228CB3B440091A202 /* Sources */ = {
			isa = PBXSourcesBuildPhase;
			buildActionMask = 2147483647;
			files = (
				B2FCC6EB28CB3B440091A202 /* UISampleTests.swift in Sources */,
			);
			runOnlyForDeploymentPostprocessing = 0;
		};
		B2FCC6EC28CB3B440091A202 /* Sources */ = {
			isa = PBXSourcesBuildPhase;
			buildActionMask = 2147483647;
			files = (
				B2FCC6F728CB3B440091A202 /* UISampleUITestsLaunchTests.swift in Sources */,
				B2FCC6F528CB3B440091A202 /* UISampleUITests.swift in Sources */,
			);
			runOnlyForDeploymentPostprocessing = 0;
		};
		E604931C28A22E60005C737A /* Sources */ = {
			isa = PBXSourcesBuildPhase;
			buildActionMask = 2147483647;
			files = (
				B2FCC70B28D45D220091A202 /* TypographyStyle.swift in Sources */,
				B2A5EFF328BF534D00F3E391 /* ColorPalette.swift in Sources */,
				B205719A28E152110076EC9E /* FontWeight.swift in Sources */,
				B205719828E151B50076EC9E /* ScaledFontModifier.swift in Sources */,
				B2FCC70828CB41570091A202 /* Dimensions.swift in Sources */,
				B2FCC72828D4645D0091A202 /* CustomFont.swift in Sources */,
				B28795C328FD002E00614653 /* IconName.swift in Sources */,
				B205719C28E1524B0076EC9E /* TextStyleable.swift in Sources */,
				E674B1F628B74EE500C689A2 /* UI.swift in Sources */,
				B2FCC69C28CB2FCA0091A202 /* Colors.swift in Sources */,
			);
			runOnlyForDeploymentPostprocessing = 0;
		};
		E604932428A22E60005C737A /* Sources */ = {
			isa = PBXSourcesBuildPhase;
			buildActionMask = 2147483647;
			files = (
				E604932E28A22E60005C737A /* UITests.swift in Sources */,
			);
			runOnlyForDeploymentPostprocessing = 0;
		};
/* End PBXSourcesBuildPhase section */

/* Begin PBXTargetDependency section */
		B2FCC6E828CB3B440091A202 /* PBXTargetDependency */ = {
			isa = PBXTargetDependency;
			target = B2FCC6D628CB3B420091A202 /* UISample */;
			targetProxy = B2FCC6E728CB3B440091A202 /* PBXContainerItemProxy */;
		};
		B2FCC6F228CB3B440091A202 /* PBXTargetDependency */ = {
			isa = PBXTargetDependency;
			target = B2FCC6D628CB3B420091A202 /* UISample */;
			targetProxy = B2FCC6F128CB3B440091A202 /* PBXContainerItemProxy */;
		};
		B2FCC70428CB3B8A0091A202 /* PBXTargetDependency */ = {
			isa = PBXTargetDependency;
			target = E604931F28A22E60005C737A /* UI */;
			targetProxy = B2FCC70328CB3B8A0091A202 /* PBXContainerItemProxy */;
		};
		E604932B28A22E60005C737A /* PBXTargetDependency */ = {
			isa = PBXTargetDependency;
			target = E604931F28A22E60005C737A /* UI */;
			targetProxy = E604932A28A22E60005C737A /* PBXContainerItemProxy */;
		};
/* End PBXTargetDependency section */

/* Begin XCBuildConfiguration section */
		B2FCC6F828CB3B440091A202 /* Debug */ = {
			isa = XCBuildConfiguration;
			buildSettings = {
				ASSETCATALOG_COMPILER_APPICON_NAME = AppIcon;
				ASSETCATALOG_COMPILER_GLOBAL_ACCENT_COLOR_NAME = AccentColor;
				CLANG_CXX_LIBRARY = "libc++";
				CODE_SIGN_STYLE = Automatic;
				CURRENT_PROJECT_VERSION = 1;
				DEVELOPMENT_ASSET_PATHS = "\"UISample/Preview Content\"";
				ENABLE_PREVIEWS = YES;
				GENERATE_INFOPLIST_FILE = YES;
				INFOPLIST_KEY_UIApplicationSceneManifest_Generation = YES;
				INFOPLIST_KEY_UIApplicationSupportsIndirectInputEvents = YES;
				INFOPLIST_KEY_UILaunchScreen_Generation = YES;
				INFOPLIST_KEY_UISupportedInterfaceOrientations_iPad = "UIInterfaceOrientationPortrait UIInterfaceOrientationPortraitUpsideDown UIInterfaceOrientationLandscapeLeft UIInterfaceOrientationLandscapeRight";
				INFOPLIST_KEY_UISupportedInterfaceOrientations_iPhone = "UIInterfaceOrientationPortrait UIInterfaceOrientationLandscapeLeft UIInterfaceOrientationLandscapeRight";
				IPHONEOS_DEPLOYMENT_TARGET = 15.2;
				LD_RUNPATH_SEARCH_PATHS = (
					"$(inherited)",
					"@executable_path/Frameworks",
				);
				MARKETING_VERSION = 1.0;
				PRODUCT_BUNDLE_IDENTIFIER = com.lesson.demo.UISample;
				PRODUCT_NAME = "$(TARGET_NAME)";
				SWIFT_EMIT_LOC_STRINGS = YES;
				SWIFT_VERSION = 5.0;
				TARGETED_DEVICE_FAMILY = "1,2";
			};
			name = Debug;
		};
		B2FCC6F928CB3B440091A202 /* Release */ = {
			isa = XCBuildConfiguration;
			buildSettings = {
				ASSETCATALOG_COMPILER_APPICON_NAME = AppIcon;
				ASSETCATALOG_COMPILER_GLOBAL_ACCENT_COLOR_NAME = AccentColor;
				CLANG_CXX_LIBRARY = "libc++";
				CODE_SIGN_STYLE = Automatic;
				CURRENT_PROJECT_VERSION = 1;
				DEVELOPMENT_ASSET_PATHS = "\"UISample/Preview Content\"";
				ENABLE_PREVIEWS = YES;
				GENERATE_INFOPLIST_FILE = YES;
				INFOPLIST_KEY_UIApplicationSceneManifest_Generation = YES;
				INFOPLIST_KEY_UIApplicationSupportsIndirectInputEvents = YES;
				INFOPLIST_KEY_UILaunchScreen_Generation = YES;
				INFOPLIST_KEY_UISupportedInterfaceOrientations_iPad = "UIInterfaceOrientationPortrait UIInterfaceOrientationPortraitUpsideDown UIInterfaceOrientationLandscapeLeft UIInterfaceOrientationLandscapeRight";
				INFOPLIST_KEY_UISupportedInterfaceOrientations_iPhone = "UIInterfaceOrientationPortrait UIInterfaceOrientationLandscapeLeft UIInterfaceOrientationLandscapeRight";
				IPHONEOS_DEPLOYMENT_TARGET = 15.2;
				LD_RUNPATH_SEARCH_PATHS = (
					"$(inherited)",
					"@executable_path/Frameworks",
				);
				MARKETING_VERSION = 1.0;
				PRODUCT_BUNDLE_IDENTIFIER = com.lesson.demo.UISample;
				PRODUCT_NAME = "$(TARGET_NAME)";
				SWIFT_EMIT_LOC_STRINGS = YES;
				SWIFT_VERSION = 5.0;
				TARGETED_DEVICE_FAMILY = "1,2";
			};
			name = Release;
		};
		B2FCC6FA28CB3B440091A202 /* Debug */ = {
			isa = XCBuildConfiguration;
			buildSettings = {
				ALWAYS_EMBED_SWIFT_STANDARD_LIBRARIES = YES;
				BUNDLE_LOADER = "$(TEST_HOST)";
				CLANG_CXX_LIBRARY = "libc++";
				CODE_SIGN_STYLE = Automatic;
				CURRENT_PROJECT_VERSION = 1;
				GENERATE_INFOPLIST_FILE = YES;
				IPHONEOS_DEPLOYMENT_TARGET = 15.2;
				MARKETING_VERSION = 1.0;
				PRODUCT_BUNDLE_IDENTIFIER = com.lesson.demo.UISampleTests;
				PRODUCT_NAME = "$(TARGET_NAME)";
				SWIFT_EMIT_LOC_STRINGS = NO;
				SWIFT_VERSION = 5.0;
				TARGETED_DEVICE_FAMILY = "1,2";
				TEST_HOST = "$(BUILT_PRODUCTS_DIR)/UISample.app/UISample";
			};
			name = Debug;
		};
		B2FCC6FB28CB3B440091A202 /* Release */ = {
			isa = XCBuildConfiguration;
			buildSettings = {
				ALWAYS_EMBED_SWIFT_STANDARD_LIBRARIES = YES;
				BUNDLE_LOADER = "$(TEST_HOST)";
				CLANG_CXX_LIBRARY = "libc++";
				CODE_SIGN_STYLE = Automatic;
				CURRENT_PROJECT_VERSION = 1;
				GENERATE_INFOPLIST_FILE = YES;
				IPHONEOS_DEPLOYMENT_TARGET = 15.2;
				MARKETING_VERSION = 1.0;
				PRODUCT_BUNDLE_IDENTIFIER = com.lesson.demo.UISampleTests;
				PRODUCT_NAME = "$(TARGET_NAME)";
				SWIFT_EMIT_LOC_STRINGS = NO;
				SWIFT_VERSION = 5.0;
				TARGETED_DEVICE_FAMILY = "1,2";
				TEST_HOST = "$(BUILT_PRODUCTS_DIR)/UISample.app/UISample";
			};
			name = Release;
		};
		B2FCC6FC28CB3B440091A202 /* Debug */ = {
			isa = XCBuildConfiguration;
			buildSettings = {
				ALWAYS_EMBED_SWIFT_STANDARD_LIBRARIES = YES;
				CLANG_CXX_LIBRARY = "libc++";
				CODE_SIGN_STYLE = Automatic;
				CURRENT_PROJECT_VERSION = 1;
				GENERATE_INFOPLIST_FILE = YES;
				IPHONEOS_DEPLOYMENT_TARGET = 15.2;
				MARKETING_VERSION = 1.0;
				PRODUCT_BUNDLE_IDENTIFIER = com.lesson.demo.UISampleUITests;
				PRODUCT_NAME = "$(TARGET_NAME)";
				SWIFT_EMIT_LOC_STRINGS = NO;
				SWIFT_VERSION = 5.0;
				TARGETED_DEVICE_FAMILY = "1,2";
				TEST_TARGET_NAME = UISample;
			};
			name = Debug;
		};
		B2FCC6FD28CB3B440091A202 /* Release */ = {
			isa = XCBuildConfiguration;
			buildSettings = {
				ALWAYS_EMBED_SWIFT_STANDARD_LIBRARIES = YES;
				CLANG_CXX_LIBRARY = "libc++";
				CODE_SIGN_STYLE = Automatic;
				CURRENT_PROJECT_VERSION = 1;
				GENERATE_INFOPLIST_FILE = YES;
				IPHONEOS_DEPLOYMENT_TARGET = 15.2;
				MARKETING_VERSION = 1.0;
				PRODUCT_BUNDLE_IDENTIFIER = com.lesson.demo.UISampleUITests;
				PRODUCT_NAME = "$(TARGET_NAME)";
				SWIFT_EMIT_LOC_STRINGS = NO;
				SWIFT_VERSION = 5.0;
				TARGETED_DEVICE_FAMILY = "1,2";
				TEST_TARGET_NAME = UISample;
			};
			name = Release;
		};
		E604933028A22E60005C737A /* Debug */ = {
			isa = XCBuildConfiguration;
			buildSettings = {
				ALWAYS_SEARCH_USER_PATHS = NO;
				CLANG_ANALYZER_NONNULL = YES;
				CLANG_ANALYZER_NUMBER_OBJECT_CONVERSION = YES_AGGRESSIVE;
				CLANG_CXX_LANGUAGE_STANDARD = "gnu++17";
				CLANG_ENABLE_MODULES = YES;
				CLANG_ENABLE_OBJC_ARC = YES;
				CLANG_ENABLE_OBJC_WEAK = YES;
				CLANG_WARN_BLOCK_CAPTURE_AUTORELEASING = YES;
				CLANG_WARN_BOOL_CONVERSION = YES;
				CLANG_WARN_COMMA = YES;
				CLANG_WARN_CONSTANT_CONVERSION = YES;
				CLANG_WARN_DEPRECATED_OBJC_IMPLEMENTATIONS = YES;
				CLANG_WARN_DIRECT_OBJC_ISA_USAGE = YES_ERROR;
				CLANG_WARN_DOCUMENTATION_COMMENTS = YES;
				CLANG_WARN_EMPTY_BODY = YES;
				CLANG_WARN_ENUM_CONVERSION = YES;
				CLANG_WARN_INFINITE_RECURSION = YES;
				CLANG_WARN_INT_CONVERSION = YES;
				CLANG_WARN_NON_LITERAL_NULL_CONVERSION = YES;
				CLANG_WARN_OBJC_IMPLICIT_RETAIN_SELF = YES;
				CLANG_WARN_OBJC_LITERAL_CONVERSION = YES;
				CLANG_WARN_OBJC_ROOT_CLASS = YES_ERROR;
				CLANG_WARN_QUOTED_INCLUDE_IN_FRAMEWORK_HEADER = YES;
				CLANG_WARN_RANGE_LOOP_ANALYSIS = YES;
				CLANG_WARN_STRICT_PROTOTYPES = YES;
				CLANG_WARN_SUSPICIOUS_MOVE = YES;
				CLANG_WARN_UNGUARDED_AVAILABILITY = YES_AGGRESSIVE;
				CLANG_WARN_UNREACHABLE_CODE = YES;
				CLANG_WARN__DUPLICATE_METHOD_MATCH = YES;
				COPY_PHASE_STRIP = NO;
				CURRENT_PROJECT_VERSION = 1;
				DEBUG_INFORMATION_FORMAT = dwarf;
				ENABLE_STRICT_OBJC_MSGSEND = YES;
				ENABLE_TESTABILITY = YES;
				GCC_C_LANGUAGE_STANDARD = gnu11;
				GCC_DYNAMIC_NO_PIC = NO;
				GCC_NO_COMMON_BLOCKS = YES;
				GCC_OPTIMIZATION_LEVEL = 0;
				GCC_PREPROCESSOR_DEFINITIONS = (
					"DEBUG=1",
					"$(inherited)",
				);
				GCC_WARN_64_TO_32_BIT_CONVERSION = YES;
				GCC_WARN_ABOUT_RETURN_TYPE = YES_ERROR;
				GCC_WARN_UNDECLARED_SELECTOR = YES;
				GCC_WARN_UNINITIALIZED_AUTOS = YES_AGGRESSIVE;
				GCC_WARN_UNUSED_FUNCTION = YES;
				GCC_WARN_UNUSED_VARIABLE = YES;
				IPHONEOS_DEPLOYMENT_TARGET = 15.5;
				MTL_ENABLE_DEBUG_INFO = INCLUDE_SOURCE;
				MTL_FAST_MATH = YES;
				ONLY_ACTIVE_ARCH = YES;
				SDKROOT = iphoneos;
				SWIFT_ACTIVE_COMPILATION_CONDITIONS = DEBUG;
				SWIFT_OPTIMIZATION_LEVEL = "-Onone";
				VERSIONING_SYSTEM = "apple-generic";
				VERSION_INFO_PREFIX = "";
			};
			name = Debug;
		};
		E604933128A22E60005C737A /* Release */ = {
			isa = XCBuildConfiguration;
			buildSettings = {
				ALWAYS_SEARCH_USER_PATHS = NO;
				CLANG_ANALYZER_NONNULL = YES;
				CLANG_ANALYZER_NUMBER_OBJECT_CONVERSION = YES_AGGRESSIVE;
				CLANG_CXX_LANGUAGE_STANDARD = "gnu++17";
				CLANG_ENABLE_MODULES = YES;
				CLANG_ENABLE_OBJC_ARC = YES;
				CLANG_ENABLE_OBJC_WEAK = YES;
				CLANG_WARN_BLOCK_CAPTURE_AUTORELEASING = YES;
				CLANG_WARN_BOOL_CONVERSION = YES;
				CLANG_WARN_COMMA = YES;
				CLANG_WARN_CONSTANT_CONVERSION = YES;
				CLANG_WARN_DEPRECATED_OBJC_IMPLEMENTATIONS = YES;
				CLANG_WARN_DIRECT_OBJC_ISA_USAGE = YES_ERROR;
				CLANG_WARN_DOCUMENTATION_COMMENTS = YES;
				CLANG_WARN_EMPTY_BODY = YES;
				CLANG_WARN_ENUM_CONVERSION = YES;
				CLANG_WARN_INFINITE_RECURSION = YES;
				CLANG_WARN_INT_CONVERSION = YES;
				CLANG_WARN_NON_LITERAL_NULL_CONVERSION = YES;
				CLANG_WARN_OBJC_IMPLICIT_RETAIN_SELF = YES;
				CLANG_WARN_OBJC_LITERAL_CONVERSION = YES;
				CLANG_WARN_OBJC_ROOT_CLASS = YES_ERROR;
				CLANG_WARN_QUOTED_INCLUDE_IN_FRAMEWORK_HEADER = YES;
				CLANG_WARN_RANGE_LOOP_ANALYSIS = YES;
				CLANG_WARN_STRICT_PROTOTYPES = YES;
				CLANG_WARN_SUSPICIOUS_MOVE = YES;
				CLANG_WARN_UNGUARDED_AVAILABILITY = YES_AGGRESSIVE;
				CLANG_WARN_UNREACHABLE_CODE = YES;
				CLANG_WARN__DUPLICATE_METHOD_MATCH = YES;
				COPY_PHASE_STRIP = NO;
				CURRENT_PROJECT_VERSION = 1;
				DEBUG_INFORMATION_FORMAT = "dwarf-with-dsym";
				ENABLE_NS_ASSERTIONS = NO;
				ENABLE_STRICT_OBJC_MSGSEND = YES;
				GCC_C_LANGUAGE_STANDARD = gnu11;
				GCC_NO_COMMON_BLOCKS = YES;
				GCC_WARN_64_TO_32_BIT_CONVERSION = YES;
				GCC_WARN_ABOUT_RETURN_TYPE = YES_ERROR;
				GCC_WARN_UNDECLARED_SELECTOR = YES;
				GCC_WARN_UNINITIALIZED_AUTOS = YES_AGGRESSIVE;
				GCC_WARN_UNUSED_FUNCTION = YES;
				GCC_WARN_UNUSED_VARIABLE = YES;
				IPHONEOS_DEPLOYMENT_TARGET = 15.5;
				MTL_ENABLE_DEBUG_INFO = NO;
				MTL_FAST_MATH = YES;
				SDKROOT = iphoneos;
				SWIFT_COMPILATION_MODE = wholemodule;
				SWIFT_OPTIMIZATION_LEVEL = "-O";
				VALIDATE_PRODUCT = YES;
				VERSIONING_SYSTEM = "apple-generic";
				VERSION_INFO_PREFIX = "";
			};
			name = Release;
		};
		E604933328A22E60005C737A /* Debug */ = {
			isa = XCBuildConfiguration;
			baseConfigurationReference = 0387083DB816A3DE28D1EA2C /* Pods-UI.debug.xcconfig */;
			buildSettings = {
				CLANG_ENABLE_MODULES = YES;
				CODE_SIGN_STYLE = Automatic;
				CURRENT_PROJECT_VERSION = 1;
				DEFINES_MODULE = YES;
				DYLIB_COMPATIBILITY_VERSION = 1;
				DYLIB_CURRENT_VERSION = 1;
				DYLIB_INSTALL_NAME_BASE = "@rpath";
				GENERATE_INFOPLIST_FILE = YES;
				INFOPLIST_KEY_NSHumanReadableCopyright = "";
				INSTALL_PATH = "$(LOCAL_LIBRARY_DIR)/Frameworks";
				IPHONEOS_DEPLOYMENT_TARGET = 14.0;
				LD_RUNPATH_SEARCH_PATHS = (
					"$(inherited)",
					"@executable_path/Frameworks",
					"@loader_path/Frameworks",
				);
				MARKETING_VERSION = 1.0;
				PRODUCT_BUNDLE_IDENTIFIER = com.thoughtworks.ark.ui;
				PRODUCT_NAME = "$(TARGET_NAME:c99extidentifier)";
				SKIP_INSTALL = YES;
				SWIFT_EMIT_LOC_STRINGS = YES;
				SWIFT_OPTIMIZATION_LEVEL = "-Onone";
				SWIFT_VERSION = 5.0;
				TARGETED_DEVICE_FAMILY = "1,2";
			};
			name = Debug;
		};
		E604933428A22E60005C737A /* Release */ = {
			isa = XCBuildConfiguration;
			baseConfigurationReference = 18D942B4F389EC3ADCD87197 /* Pods-UI.release.xcconfig */;
			buildSettings = {
				CLANG_ENABLE_MODULES = YES;
				CODE_SIGN_STYLE = Automatic;
				CURRENT_PROJECT_VERSION = 1;
				DEFINES_MODULE = YES;
				DYLIB_COMPATIBILITY_VERSION = 1;
				DYLIB_CURRENT_VERSION = 1;
				DYLIB_INSTALL_NAME_BASE = "@rpath";
				GENERATE_INFOPLIST_FILE = YES;
				INFOPLIST_KEY_NSHumanReadableCopyright = "";
				INSTALL_PATH = "$(LOCAL_LIBRARY_DIR)/Frameworks";
				IPHONEOS_DEPLOYMENT_TARGET = 14.0;
				LD_RUNPATH_SEARCH_PATHS = (
					"$(inherited)",
					"@executable_path/Frameworks",
					"@loader_path/Frameworks",
				);
				MARKETING_VERSION = 1.0;
				PRODUCT_BUNDLE_IDENTIFIER = com.thoughtworks.ark.ui;
				PRODUCT_NAME = "$(TARGET_NAME:c99extidentifier)";
				SKIP_INSTALL = YES;
				SWIFT_EMIT_LOC_STRINGS = YES;
				SWIFT_VERSION = 5.0;
				TARGETED_DEVICE_FAMILY = "1,2";
			};
			name = Release;
		};
		E604933628A22E60005C737A /* Debug */ = {
			isa = XCBuildConfiguration;
			baseConfigurationReference = 7CA7598A991D590D4C2B19A3 /* Pods-UITests.debug.xcconfig */;
			buildSettings = {
				ALWAYS_EMBED_SWIFT_STANDARD_LIBRARIES = YES;
				CODE_SIGN_STYLE = Automatic;
				CURRENT_PROJECT_VERSION = 1;
				GENERATE_INFOPLIST_FILE = YES;
				MARKETING_VERSION = 1.0;
				PRODUCT_BUNDLE_IDENTIFIER = com.thoughtworks.ark.UITests;
				PRODUCT_NAME = "$(TARGET_NAME)";
				SWIFT_EMIT_LOC_STRINGS = NO;
				SWIFT_VERSION = 5.0;
				TARGETED_DEVICE_FAMILY = "1,2";
			};
			name = Debug;
		};
		E604933728A22E60005C737A /* Release */ = {
			isa = XCBuildConfiguration;
			baseConfigurationReference = CD07D66B6A72B4E781BC7F90 /* Pods-UITests.release.xcconfig */;
			buildSettings = {
				ALWAYS_EMBED_SWIFT_STANDARD_LIBRARIES = YES;
				CODE_SIGN_STYLE = Automatic;
				CURRENT_PROJECT_VERSION = 1;
				GENERATE_INFOPLIST_FILE = YES;
				MARKETING_VERSION = 1.0;
				PRODUCT_BUNDLE_IDENTIFIER = com.thoughtworks.ark.UITests;
				PRODUCT_NAME = "$(TARGET_NAME)";
				SWIFT_EMIT_LOC_STRINGS = NO;
				SWIFT_VERSION = 5.0;
				TARGETED_DEVICE_FAMILY = "1,2";
			};
			name = Release;
		};
/* End XCBuildConfiguration section */

/* Begin XCConfigurationList section */
		B2FCC6FE28CB3B440091A202 /* Build configuration list for PBXNativeTarget "UISample" */ = {
			isa = XCConfigurationList;
			buildConfigurations = (
				B2FCC6F828CB3B440091A202 /* Debug */,
				B2FCC6F928CB3B440091A202 /* Release */,
			);
			defaultConfigurationIsVisible = 0;
			defaultConfigurationName = Release;
		};
		B2FCC6FF28CB3B440091A202 /* Build configuration list for PBXNativeTarget "UISampleTests" */ = {
			isa = XCConfigurationList;
			buildConfigurations = (
				B2FCC6FA28CB3B440091A202 /* Debug */,
				B2FCC6FB28CB3B440091A202 /* Release */,
			);
			defaultConfigurationIsVisible = 0;
			defaultConfigurationName = Release;
		};
		B2FCC70028CB3B440091A202 /* Build configuration list for PBXNativeTarget "UISampleUITests" */ = {
			isa = XCConfigurationList;
			buildConfigurations = (
				B2FCC6FC28CB3B440091A202 /* Debug */,
				B2FCC6FD28CB3B440091A202 /* Release */,
			);
			defaultConfigurationIsVisible = 0;
			defaultConfigurationName = Release;
		};
		E604931A28A22E60005C737A /* Build configuration list for PBXProject "UI" */ = {
			isa = XCConfigurationList;
			buildConfigurations = (
				E604933028A22E60005C737A /* Debug */,
				E604933128A22E60005C737A /* Release */,
			);
			defaultConfigurationIsVisible = 0;
			defaultConfigurationName = Release;
		};
		E604933228A22E60005C737A /* Build configuration list for PBXNativeTarget "UI" */ = {
			isa = XCConfigurationList;
			buildConfigurations = (
				E604933328A22E60005C737A /* Debug */,
				E604933428A22E60005C737A /* Release */,
			);
			defaultConfigurationIsVisible = 0;
			defaultConfigurationName = Release;
		};
		E604933528A22E60005C737A /* Build configuration list for PBXNativeTarget "UITests" */ = {
			isa = XCConfigurationList;
			buildConfigurations = (
				E604933628A22E60005C737A /* Debug */,
				E604933728A22E60005C737A /* Release */,
			);
			defaultConfigurationIsVisible = 0;
			defaultConfigurationName = Release;
		};
/* End XCConfigurationList section */
	};
	rootObject = E604931728A22E60005C737A /* Project object */;
}
