// !$*UTF8*$!
{
	archiveVersion = 1;
	classes = {
	};
	objectVersion = 55;
	objects = {

/* Begin PBXBuildFile section */
		20F21EBCE804EDBFA80DD10B /* Pods_ARK_iOS.framework in Frameworks */ = {isa = PBXBuildFile; fileRef = E604933C28A39EDF005C737A /* Pods_ARK_iOS.framework */; };
		93163E6907136AB5741E4814 /* Pods_ARK_iOSTests.framework in Frameworks */ = {isa = PBXBuildFile; fileRef = BAF88D1E3AA74A33F7502972 /* Pods_ARK_iOSTests.framework */; };
		E6710DF12898EECE00663362 /* ARKApp.swift in Sources */ = {isa = PBXBuildFile; fileRef = E6710DF02898EECE00663362 /* ARKApp.swift */; };
		E6710DF32898EECE00663362 /* ContentView.swift in Sources */ = {isa = PBXBuildFile; fileRef = E6710DF22898EECE00663362 /* ContentView.swift */; };
		E6710DF52898EED000663362 /* Assets.xcassets in Resources */ = {isa = PBXBuildFile; fileRef = E6710DF42898EED000663362 /* Assets.xcassets */; };
		E6710DF82898EED000663362 /* Preview Assets.xcassets in Resources */ = {isa = PBXBuildFile; fileRef = E6710DF72898EED000663362 /* Preview Assets.xcassets */; };
		E6710E022898EED000663362 /* ARKTests.swift in Sources */ = {isa = PBXBuildFile; fileRef = E6710E012898EED000663362 /* ARKTests.swift */; };
		E6F3B78828B321D70064AFFF /* App-Info.plist in Resources */ = {isa = PBXBuildFile; fileRef = E6F3B78628B321C20064AFFF /* App-Info.plist */; };
/* End PBXBuildFile section */

/* Begin PBXContainerItemProxy section */
		E6710DFE2898EED000663362 /* PBXContainerItemProxy */ = {
			isa = PBXContainerItemProxy;
			containerPortal = E6710DE52898EECE00663362 /* Project object */;
			proxyType = 1;
			remoteGlobalIDString = E6710DEC2898EECE00663362;
			remoteInfo = "ARK-iOS";
		};
/* End PBXContainerItemProxy section */

/* Begin PBXFileReference section */
		03460ABD7AF93F9D0D9CED0E /* Pods-ARK-iOSTests.uat.xcconfig */ = {isa = PBXFileReference; includeInIndex = 1; lastKnownFileType = text.xcconfig; name = "Pods-ARK-iOSTests.uat.xcconfig"; path = "Target Support Files/Pods-ARK-iOSTests/Pods-ARK-iOSTests.uat.xcconfig"; sourceTree = "<group>"; };
		1EFA4D47DF08F86027C8471D /* Pods_ARK_iOS.framework */ = {isa = PBXFileReference; explicitFileType = wrapper.framework; includeInIndex = 0; path = Pods_ARK_iOS.framework; sourceTree = BUILT_PRODUCTS_DIR; };
		2B02F006099AF5E51964524C /* Pods-ARK-iOSTests.release.xcconfig */ = {isa = PBXFileReference; includeInIndex = 1; lastKnownFileType = text.xcconfig; name = "Pods-ARK-iOSTests.release.xcconfig"; path = "Target Support Files/Pods-ARK-iOSTests/Pods-ARK-iOSTests.release.xcconfig"; sourceTree = "<group>"; };
		3336613C68709622898B732B /* Pods-ARK-iOS.staging.xcconfig */ = {isa = PBXFileReference; includeInIndex = 1; lastKnownFileType = text.xcconfig; name = "Pods-ARK-iOS.staging.xcconfig"; path = "Target Support Files/Pods-ARK-iOS/Pods-ARK-iOS.staging.xcconfig"; sourceTree = "<group>"; };
		411A90461CACADAD68F2FABB /* Pods-ARK-iOS.debug.xcconfig */ = {isa = PBXFileReference; includeInIndex = 1; lastKnownFileType = text.xcconfig; name = "Pods-ARK-iOS.debug.xcconfig"; path = "Target Support Files/Pods-ARK-iOS/Pods-ARK-iOS.debug.xcconfig"; sourceTree = "<group>"; };
		8ADE8CB2239E272C97B76CF2 /* Pods-ARK-iOS.release.xcconfig */ = {isa = PBXFileReference; includeInIndex = 1; lastKnownFileType = text.xcconfig; name = "Pods-ARK-iOS.release.xcconfig"; path = "Target Support Files/Pods-ARK-iOS/Pods-ARK-iOS.release.xcconfig"; sourceTree = "<group>"; };
		94381680E9549C040D07E5A6 /* Pods-ARK-iOS.uat.xcconfig */ = {isa = PBXFileReference; includeInIndex = 1; lastKnownFileType = text.xcconfig; name = "Pods-ARK-iOS.uat.xcconfig"; path = "Target Support Files/Pods-ARK-iOS/Pods-ARK-iOS.uat.xcconfig"; sourceTree = "<group>"; };
		96E531B951D9EF31497A824D /* Pods-ARK-iOSTests.debug.xcconfig */ = {isa = PBXFileReference; includeInIndex = 1; lastKnownFileType = text.xcconfig; name = "Pods-ARK-iOSTests.debug.xcconfig"; path = "Target Support Files/Pods-ARK-iOSTests/Pods-ARK-iOSTests.debug.xcconfig"; sourceTree = "<group>"; };
		BAF88D1E3AA74A33F7502972 /* Pods_ARK_iOSTests.framework */ = {isa = PBXFileReference; explicitFileType = wrapper.framework; includeInIndex = 0; path = Pods_ARK_iOSTests.framework; sourceTree = BUILT_PRODUCTS_DIR; };
		C2A2E91739AB8A888252298F /* Pods-ARK-iOSTests.staging.xcconfig */ = {isa = PBXFileReference; includeInIndex = 1; lastKnownFileType = text.xcconfig; name = "Pods-ARK-iOSTests.staging.xcconfig"; path = "Target Support Files/Pods-ARK-iOSTests/Pods-ARK-iOSTests.staging.xcconfig"; sourceTree = "<group>"; };
		E604933C28A39EDF005C737A /* Pods_ARK_iOS.framework */ = {isa = PBXFileReference; explicitFileType = wrapper.framework; path = Pods_ARK_iOS.framework; sourceTree = BUILT_PRODUCTS_DIR; };
		E668CAEE28A506B300379B4F /* App-Staging.xcconfig */ = {isa = PBXFileReference; fileEncoding = 4; lastKnownFileType = text.xcconfig; path = "App-Staging.xcconfig"; sourceTree = "<group>"; };
		E668CAEF28A506B300379B4F /* App-Uat.xcconfig */ = {isa = PBXFileReference; fileEncoding = 4; lastKnownFileType = text.xcconfig; path = "App-Uat.xcconfig"; sourceTree = "<group>"; };
		E6710DED2898EECE00663362 /* ARK.app */ = {isa = PBXFileReference; explicitFileType = wrapper.application; includeInIndex = 0; path = ARK.app; sourceTree = BUILT_PRODUCTS_DIR; };
		E6710DF02898EECE00663362 /* ARKApp.swift */ = {isa = PBXFileReference; lastKnownFileType = sourcecode.swift; path = ARKApp.swift; sourceTree = "<group>"; };
		E6710DF22898EECE00663362 /* ContentView.swift */ = {isa = PBXFileReference; lastKnownFileType = sourcecode.swift; path = ContentView.swift; sourceTree = "<group>"; };
		E6710DF42898EED000663362 /* Assets.xcassets */ = {isa = PBXFileReference; lastKnownFileType = folder.assetcatalog; path = Assets.xcassets; sourceTree = "<group>"; };
		E6710DF72898EED000663362 /* Preview Assets.xcassets */ = {isa = PBXFileReference; lastKnownFileType = folder.assetcatalog; path = "Preview Assets.xcassets"; sourceTree = "<group>"; };
		E6710DFD2898EED000663362 /* ARK-iOSTests.xctest */ = {isa = PBXFileReference; explicitFileType = wrapper.cfbundle; includeInIndex = 0; path = "ARK-iOSTests.xctest"; sourceTree = BUILT_PRODUCTS_DIR; };
		E6710E012898EED000663362 /* ARKTests.swift */ = {isa = PBXFileReference; lastKnownFileType = sourcecode.swift; path = ARKTests.swift; sourceTree = "<group>"; };
		E6710E2B28990B0000663362 /* App-Shared.xcconfig */ = {isa = PBXFileReference; fileEncoding = 4; lastKnownFileType = text.xcconfig; path = "App-Shared.xcconfig"; sourceTree = "<group>"; };
		E6710E2D28990B2600663362 /* App-Debug.xcconfig */ = {isa = PBXFileReference; lastKnownFileType = text.xcconfig; path = "App-Debug.xcconfig"; sourceTree = "<group>"; };
		E6710E2F28990B3700663362 /* App-Release.xcconfig */ = {isa = PBXFileReference; lastKnownFileType = text.xcconfig; path = "App-Release.xcconfig"; sourceTree = "<group>"; };
		E6F3B78628B321C20064AFFF /* App-Info.plist */ = {isa = PBXFileReference; lastKnownFileType = text.plist.xml; path = "App-Info.plist"; sourceTree = "<group>"; };
/* End PBXFileReference section */

/* Begin PBXFrameworksBuildPhase section */
		E6710DEA2898EECE00663362 /* Frameworks */ = {
			isa = PBXFrameworksBuildPhase;
			buildActionMask = 2147483647;
			files = (
				20F21EBCE804EDBFA80DD10B /* Pods_ARK_iOS.framework in Frameworks */,
			);
			runOnlyForDeploymentPostprocessing = 0;
		};
		E6710DFA2898EED000663362 /* Frameworks */ = {
			isa = PBXFrameworksBuildPhase;
			buildActionMask = 2147483647;
			files = (
				93163E6907136AB5741E4814 /* Pods_ARK_iOSTests.framework in Frameworks */,
			);
			runOnlyForDeploymentPostprocessing = 0;
		};
/* End PBXFrameworksBuildPhase section */

/* Begin PBXGroup section */
		38120C593EA2BF32DFB9F279 /* Pods */ = {
			isa = PBXGroup;
			children = (
				411A90461CACADAD68F2FABB /* Pods-ARK-iOS.debug.xcconfig */,
				8ADE8CB2239E272C97B76CF2 /* Pods-ARK-iOS.release.xcconfig */,
				96E531B951D9EF31497A824D /* Pods-ARK-iOSTests.debug.xcconfig */,
				2B02F006099AF5E51964524C /* Pods-ARK-iOSTests.release.xcconfig */,
				94381680E9549C040D07E5A6 /* Pods-ARK-iOS.uat.xcconfig */,
				3336613C68709622898B732B /* Pods-ARK-iOS.staging.xcconfig */,
				03460ABD7AF93F9D0D9CED0E /* Pods-ARK-iOSTests.uat.xcconfig */,
				C2A2E91739AB8A888252298F /* Pods-ARK-iOSTests.staging.xcconfig */,
			);
			path = Pods;
			sourceTree = "<group>";
		};
		E6710DE42898EECE00663362 = {
			isa = PBXGroup;
			children = (
				E6710DEF2898EECE00663362 /* Sources */,
				E6710E002898EED000663362 /* Tests */,
				E6710E2A28990B0000663362 /* Configs */,
				E6710DEE2898EECE00663362 /* Products */,
				38120C593EA2BF32DFB9F279 /* Pods */,
				FD7F818641C6735D7D54E1FD /* Frameworks */,
			);
			sourceTree = "<group>";
		};
		E6710DEE2898EECE00663362 /* Products */ = {
			isa = PBXGroup;
			children = (
				E6710DED2898EECE00663362 /* ARK.app */,
				E6710DFD2898EED000663362 /* ARK-iOSTests.xctest */,
			);
			name = Products;
			sourceTree = "<group>";
		};
		E6710DEF2898EECE00663362 /* Sources */ = {
			isa = PBXGroup;
			children = (
				E6710DF02898EECE00663362 /* ARKApp.swift */,
				E6710DF22898EECE00663362 /* ContentView.swift */,
				E6710DF42898EED000663362 /* Assets.xcassets */,
				E6710DF62898EED000663362 /* Preview Content */,
			);
			path = Sources;
			sourceTree = "<group>";
		};
		E6710DF62898EED000663362 /* Preview Content */ = {
			isa = PBXGroup;
			children = (
				E6710DF72898EED000663362 /* Preview Assets.xcassets */,
			);
			path = "Preview Content";
			sourceTree = "<group>";
		};
		E6710E002898EED000663362 /* Tests */ = {
			isa = PBXGroup;
			children = (
				E6710E012898EED000663362 /* ARKTests.swift */,
			);
			path = Tests;
			sourceTree = "<group>";
		};
		E6710E2A28990B0000663362 /* Configs */ = {
			isa = PBXGroup;
			children = (
				E6710E2B28990B0000663362 /* App-Shared.xcconfig */,
				E6710E2D28990B2600663362 /* App-Debug.xcconfig */,
				E668CAEF28A506B300379B4F /* App-Uat.xcconfig */,
				E668CAEE28A506B300379B4F /* App-Staging.xcconfig */,
				E6710E2F28990B3700663362 /* App-Release.xcconfig */,
				E6F3B78628B321C20064AFFF /* App-Info.plist */,
			);
			path = Configs;
			sourceTree = "<group>";
		};
		FD7F818641C6735D7D54E1FD /* Frameworks */ = {
			isa = PBXGroup;
			children = (
				E604933C28A39EDF005C737A /* Pods_ARK_iOS.framework */,
				1EFA4D47DF08F86027C8471D /* Pods_ARK_iOS.framework */,
				BAF88D1E3AA74A33F7502972 /* Pods_ARK_iOSTests.framework */,
			);
			name = Frameworks;
			sourceTree = "<group>";
		};
/* End PBXGroup section */

/* Begin PBXNativeTarget section */
		E6710DEC2898EECE00663362 /* ARK-iOS */ = {
			isa = PBXNativeTarget;
			buildConfigurationList = E6710E112898EED000663362 /* Build configuration list for PBXNativeTarget "ARK-iOS" */;
			buildPhases = (
				A847EB931778D4A836A7112B /* [CP] Check Pods Manifest.lock */,
				E6710E34289A577600663362 /* SwiftLint */,
				E6710DE92898EECE00663362 /* Sources */,
				E6710DEA2898EECE00663362 /* Frameworks */,
				E6710DEB2898EECE00663362 /* Resources */,
			);
			buildRules = (
			);
			dependencies = (
			);
			name = "ARK-iOS";
			productName = "ARK-iOS";
			productReference = E6710DED2898EECE00663362 /* ARK.app */;
			productType = "com.apple.product-type.application";
		};
		E6710DFC2898EED000663362 /* ARK-iOSTests */ = {
			isa = PBXNativeTarget;
			buildConfigurationList = E6710E142898EED000663362 /* Build configuration list for PBXNativeTarget "ARK-iOSTests" */;
			buildPhases = (
				CDD8252C33E20F79C8F0033A /* [CP] Check Pods Manifest.lock */,
				E6710DF92898EED000663362 /* Sources */,
				E6710DFA2898EED000663362 /* Frameworks */,
				E6710DFB2898EED000663362 /* Resources */,
			);
			buildRules = (
			);
			dependencies = (
				E6710DFF2898EED000663362 /* PBXTargetDependency */,
			);
			name = "ARK-iOSTests";
			productName = "ARK-iOSTests";
			productReference = E6710DFD2898EED000663362 /* ARK-iOSTests.xctest */;
			productType = "com.apple.product-type.bundle.unit-test";
		};
/* End PBXNativeTarget section */

/* Begin PBXProject section */
		E6710DE52898EECE00663362 /* Project object */ = {
			isa = PBXProject;
			attributes = {
				BuildIndependentTargetsInParallel = YES;
				LastSwiftUpdateCheck = 1340;
				LastUpgradeCheck = 1340;
				TargetAttributes = {
					E6710DEC2898EECE00663362 = {
						CreatedOnToolsVersion = 13.4.1;
					};
					E6710DFC2898EED000663362 = {
						CreatedOnToolsVersion = 13.4.1;
						TestTargetID = E6710DEC2898EECE00663362;
					};
				};
			};
			buildConfigurationList = E6710DE82898EECE00663362 /* Build configuration list for PBXProject "ARK-iOS" */;
			compatibilityVersion = "Xcode 13.0";
			developmentRegion = en;
			hasScannedForEncodings = 0;
			knownRegions = (
				en,
				Base,
			);
			mainGroup = E6710DE42898EECE00663362;
			productRefGroup = E6710DEE2898EECE00663362 /* Products */;
			projectDirPath = "";
			projectRoot = "";
			targets = (
				E6710DEC2898EECE00663362 /* ARK-iOS */,
				E6710DFC2898EED000663362 /* ARK-iOSTests */,
			);
		};
/* End PBXProject section */

/* Begin PBXResourcesBuildPhase section */
		E6710DEB2898EECE00663362 /* Resources */ = {
			isa = PBXResourcesBuildPhase;
			buildActionMask = 2147483647;
			files = (
				E6710DF82898EED000663362 /* Preview Assets.xcassets in Resources */,
				E6F3B78828B321D70064AFFF /* App-Info.plist in Resources */,
				E6710DF52898EED000663362 /* Assets.xcassets in Resources */,
			);
			runOnlyForDeploymentPostprocessing = 0;
		};
		E6710DFB2898EED000663362 /* Resources */ = {
			isa = PBXResourcesBuildPhase;
			buildActionMask = 2147483647;
			files = (
			);
			runOnlyForDeploymentPostprocessing = 0;
		};
/* End PBXResourcesBuildPhase section */

/* Begin PBXShellScriptBuildPhase section */
		A847EB931778D4A836A7112B /* [CP] Check Pods Manifest.lock */ = {
			isa = PBXShellScriptBuildPhase;
			buildActionMask = 2147483647;
			files = (
			);
			inputFileListPaths = (
			);
			inputPaths = (
				"${PODS_PODFILE_DIR_PATH}/Podfile.lock",
				"${PODS_ROOT}/Manifest.lock",
			);
			name = "[CP] Check Pods Manifest.lock";
			outputFileListPaths = (
			);
			outputPaths = (
				"$(DERIVED_FILE_DIR)/Pods-ARK-iOS-checkManifestLockResult.txt",
			);
			runOnlyForDeploymentPostprocessing = 0;
			shellPath = /bin/sh;
			shellScript = "diff \"${PODS_PODFILE_DIR_PATH}/Podfile.lock\" \"${PODS_ROOT}/Manifest.lock\" > /dev/null\nif [ $? != 0 ] ; then\n    # print error to STDERR\n    echo \"error: The sandbox is not in sync with the Podfile.lock. Run 'pod install' or update your CocoaPods installation.\" >&2\n    exit 1\nfi\n# This output is used by Xcode 'outputs' to avoid re-running this script phase.\necho \"SUCCESS\" > \"${SCRIPT_OUTPUT_FILE_0}\"\n";
			showEnvVarsInLog = 0;
		};
		CDD8252C33E20F79C8F0033A /* [CP] Check Pods Manifest.lock */ = {
			isa = PBXShellScriptBuildPhase;
			buildActionMask = 2147483647;
			files = (
			);
			inputFileListPaths = (
			);
			inputPaths = (
				"${PODS_PODFILE_DIR_PATH}/Podfile.lock",
				"${PODS_ROOT}/Manifest.lock",
			);
			name = "[CP] Check Pods Manifest.lock";
			outputFileListPaths = (
			);
			outputPaths = (
				"$(DERIVED_FILE_DIR)/Pods-ARK-iOSTests-checkManifestLockResult.txt",
			);
			runOnlyForDeploymentPostprocessing = 0;
			shellPath = /bin/sh;
			shellScript = "diff \"${PODS_PODFILE_DIR_PATH}/Podfile.lock\" \"${PODS_ROOT}/Manifest.lock\" > /dev/null\nif [ $? != 0 ] ; then\n    # print error to STDERR\n    echo \"error: The sandbox is not in sync with the Podfile.lock. Run 'pod install' or update your CocoaPods installation.\" >&2\n    exit 1\nfi\n# This output is used by Xcode 'outputs' to avoid re-running this script phase.\necho \"SUCCESS\" > \"${SCRIPT_OUTPUT_FILE_0}\"\n";
			showEnvVarsInLog = 0;
		};
		E6710E34289A577600663362 /* SwiftLint */ = {
			isa = PBXShellScriptBuildPhase;
			buildActionMask = 2147483647;
			files = (
			);
			inputFileListPaths = (
			);
			inputPaths = (
			);
			name = SwiftLint;
			outputFileListPaths = (
			);
			outputPaths = (
			);
			runOnlyForDeploymentPostprocessing = 0;
			shellPath = /bin/sh;
			shellScript = "# Type a script or drag a script file from your workspace to insert its path.\nif [[ -f \"${PODS_ROOT}/SwiftLint/swiftlint\" ]]; then\n  ${PODS_ROOT}/SwiftLint/swiftlint\nelse\n  echo \"warning: swiftlint doesn't exist. Run 'bundle exec pod install'\"\nfi\n";
		};
/* End PBXShellScriptBuildPhase section */

/* Begin PBXSourcesBuildPhase section */
		E6710DE92898EECE00663362 /* Sources */ = {
			isa = PBXSourcesBuildPhase;
			buildActionMask = 2147483647;
			files = (
				E6710DF32898EECE00663362 /* ContentView.swift in Sources */,
				E6710DF12898EECE00663362 /* ARKApp.swift in Sources */,
			);
			runOnlyForDeploymentPostprocessing = 0;
		};
		E6710DF92898EED000663362 /* Sources */ = {
			isa = PBXSourcesBuildPhase;
			buildActionMask = 2147483647;
			files = (
				E6710E022898EED000663362 /* ARKTests.swift in Sources */,
			);
			runOnlyForDeploymentPostprocessing = 0;
		};
/* End PBXSourcesBuildPhase section */

/* Begin PBXTargetDependency section */
		E6710DFF2898EED000663362 /* PBXTargetDependency */ = {
			isa = PBXTargetDependency;
			target = E6710DEC2898EECE00663362 /* ARK-iOS */;
			targetProxy = E6710DFE2898EED000663362 /* PBXContainerItemProxy */;
		};
/* End PBXTargetDependency section */

/* Begin XCBuildConfiguration section */
		E668CAF228A506D000379B4F /* Uat */ = {
			isa = XCBuildConfiguration;
			buildSettings = {
				ALWAYS_SEARCH_USER_PATHS = NO;
				CLANG_ANALYZER_NONNULL = YES;
				CLANG_ANALYZER_NUMBER_OBJECT_CONVERSION = YES_AGGRESSIVE;
				CLANG_CXX_LANGUAGE_STANDARD = "gnu++17";
				CLANG_ENABLE_MODULES = YES;
				CLANG_ENABLE_OBJC_ARC = YES;
				CLANG_ENABLE_OBJC_WEAK = YES;
				CLANG_WARN_BLOCK_CAPTURE_AUTORELEASING = YES;
				CLANG_WARN_BOOL_CONVERSION = YES;
				CLANG_WARN_COMMA = YES;
				CLANG_WARN_CONSTANT_CONVERSION = YES;
				CLANG_WARN_DEPRECATED_OBJC_IMPLEMENTATIONS = YES;
				CLANG_WARN_DIRECT_OBJC_ISA_USAGE = YES_ERROR;
				CLANG_WARN_DOCUMENTATION_COMMENTS = YES;
				CLANG_WARN_EMPTY_BODY = YES;
				CLANG_WARN_ENUM_CONVERSION = YES;
				CLANG_WARN_INFINITE_RECURSION = YES;
				CLANG_WARN_INT_CONVERSION = YES;
				CLANG_WARN_NON_LITERAL_NULL_CONVERSION = YES;
				CLANG_WARN_OBJC_IMPLICIT_RETAIN_SELF = YES;
				CLANG_WARN_OBJC_LITERAL_CONVERSION = YES;
				CLANG_WARN_OBJC_ROOT_CLASS = YES_ERROR;
				CLANG_WARN_QUOTED_INCLUDE_IN_FRAMEWORK_HEADER = YES;
				CLANG_WARN_RANGE_LOOP_ANALYSIS = YES;
				CLANG_WARN_STRICT_PROTOTYPES = YES;
				CLANG_WARN_SUSPICIOUS_MOVE = YES;
				CLANG_WARN_UNGUARDED_AVAILABILITY = YES_AGGRESSIVE;
				CLANG_WARN_UNREACHABLE_CODE = YES;
				CLANG_WARN__DUPLICATE_METHOD_MATCH = YES;
				COPY_PHASE_STRIP = NO;
				DEBUG_INFORMATION_FORMAT = "dwarf-with-dsym";
				ENABLE_NS_ASSERTIONS = NO;
				ENABLE_STRICT_OBJC_MSGSEND = YES;
				GCC_C_LANGUAGE_STANDARD = gnu11;
				GCC_NO_COMMON_BLOCKS = YES;
				GCC_WARN_64_TO_32_BIT_CONVERSION = YES;
				GCC_WARN_ABOUT_RETURN_TYPE = YES_ERROR;
				GCC_WARN_UNDECLARED_SELECTOR = YES;
				GCC_WARN_UNINITIALIZED_AUTOS = YES_AGGRESSIVE;
				GCC_WARN_UNUSED_FUNCTION = YES;
				GCC_WARN_UNUSED_VARIABLE = YES;
				IPHONEOS_DEPLOYMENT_TARGET = 15.5;
				MARKETING_VERSION = "";
				MTL_ENABLE_DEBUG_INFO = NO;
				MTL_FAST_MATH = YES;
				SDKROOT = iphoneos;
				SWIFT_COMPILATION_MODE = wholemodule;
				SWIFT_OPTIMIZATION_LEVEL = "-O";
				VALIDATE_PRODUCT = YES;
			};
			name = Uat;
		};
		E668CAF328A506D000379B4F /* Uat */ = {
			isa = XCBuildConfiguration;
			baseConfigurationReference = E668CAEF28A506B300379B4F /* App-Uat.xcconfig */;
			buildSettings = {
				ASSETCATALOG_COMPILER_APPICON_NAME = AppIcon;
				ASSETCATALOG_COMPILER_GLOBAL_ACCENT_COLOR_NAME = AccentColor;
				CODE_SIGN_IDENTITY = "iPhone Distribution";
				CODE_SIGN_STYLE = Manual;
				CURRENT_PROJECT_VERSION = 3;
				DEVELOPMENT_ASSET_PATHS = "\"Sources/Preview Content\"";
				DEVELOPMENT_TEAM = 25EZUPR5QA;
				DYLIB_CURRENT_VERSION = "";
				ENABLE_PREVIEWS = YES;
				GENERATE_INFOPLIST_FILE = YES;
				INFOPLIST_FILE = "Configs/App-Info.plist";
				INFOPLIST_KEY_UIApplicationSceneManifest_Generation = YES;
				INFOPLIST_KEY_UIApplicationSupportsIndirectInputEvents = YES;
				INFOPLIST_KEY_UILaunchScreen_Generation = YES;
				INFOPLIST_KEY_UISupportedInterfaceOrientations_iPad = "UIInterfaceOrientationPortrait UIInterfaceOrientationPortraitUpsideDown UIInterfaceOrientationLandscapeLeft UIInterfaceOrientationLandscapeRight";
				INFOPLIST_KEY_UISupportedInterfaceOrientations_iPhone = "UIInterfaceOrientationPortrait UIInterfaceOrientationLandscapeLeft UIInterfaceOrientationLandscapeRight";
				IPHONEOS_DEPLOYMENT_TARGET = 14.0;
				LD_RUNPATH_SEARCH_PATHS = (
					"$(inherited)",
					"@executable_path/Frameworks",
				);
				MARKETING_VERSION = 1.0;
				PROVISIONING_PROFILE_SPECIFIER = "match AdHoc com.thoughtworks.ark.uat";
				SWIFT_EMIT_LOC_STRINGS = YES;
				SWIFT_VERSION = 5.0;
				TARGETED_DEVICE_FAMILY = "1,2";
			};
			name = Uat;
		};
		E668CAF428A506D000379B4F /* Uat */ = {
			isa = XCBuildConfiguration;
			baseConfigurationReference = 03460ABD7AF93F9D0D9CED0E /* Pods-ARK-iOSTests.uat.xcconfig */;
			buildSettings = {
				ALWAYS_EMBED_SWIFT_STANDARD_LIBRARIES = YES;
				BUNDLE_LOADER = "$(TEST_HOST)";
				CODE_SIGN_STYLE = Manual;
				DEVELOPMENT_TEAM = "";
				GENERATE_INFOPLIST_FILE = YES;
				IPHONEOS_DEPLOYMENT_TARGET = 15.5;
				PRODUCT_BUNDLE_IDENTIFIER = "com.github.tw-smart-coe.ARK-iOSTests";
				PRODUCT_NAME = "$(TARGET_NAME)";
				PROVISIONING_PROFILE_SPECIFIER = "";
				"PROVISIONING_PROFILE_SPECIFIER[sdk=macosx*]" = "";
				SWIFT_EMIT_LOC_STRINGS = NO;
				SWIFT_VERSION = 5.0;
				TARGETED_DEVICE_FAMILY = "1,2";
				TEST_HOST = "$(BUILT_PRODUCTS_DIR)/ARK.app/ARK";
			};
			name = Uat;
		};
		E668CAF528A506DA00379B4F /* Staging */ = {
			isa = XCBuildConfiguration;
			buildSettings = {
				ALWAYS_SEARCH_USER_PATHS = NO;
				CLANG_ANALYZER_NONNULL = YES;
				CLANG_ANALYZER_NUMBER_OBJECT_CONVERSION = YES_AGGRESSIVE;
				CLANG_CXX_LANGUAGE_STANDARD = "gnu++17";
				CLANG_ENABLE_MODULES = YES;
				CLANG_ENABLE_OBJC_ARC = YES;
				CLANG_ENABLE_OBJC_WEAK = YES;
				CLANG_WARN_BLOCK_CAPTURE_AUTORELEASING = YES;
				CLANG_WARN_BOOL_CONVERSION = YES;
				CLANG_WARN_COMMA = YES;
				CLANG_WARN_CONSTANT_CONVERSION = YES;
				CLANG_WARN_DEPRECATED_OBJC_IMPLEMENTATIONS = YES;
				CLANG_WARN_DIRECT_OBJC_ISA_USAGE = YES_ERROR;
				CLANG_WARN_DOCUMENTATION_COMMENTS = YES;
				CLANG_WARN_EMPTY_BODY = YES;
				CLANG_WARN_ENUM_CONVERSION = YES;
				CLANG_WARN_INFINITE_RECURSION = YES;
				CLANG_WARN_INT_CONVERSION = YES;
				CLANG_WARN_NON_LITERAL_NULL_CONVERSION = YES;
				CLANG_WARN_OBJC_IMPLICIT_RETAIN_SELF = YES;
				CLANG_WARN_OBJC_LITERAL_CONVERSION = YES;
				CLANG_WARN_OBJC_ROOT_CLASS = YES_ERROR;
				CLANG_WARN_QUOTED_INCLUDE_IN_FRAMEWORK_HEADER = YES;
				CLANG_WARN_RANGE_LOOP_ANALYSIS = YES;
				CLANG_WARN_STRICT_PROTOTYPES = YES;
				CLANG_WARN_SUSPICIOUS_MOVE = YES;
				CLANG_WARN_UNGUARDED_AVAILABILITY = YES_AGGRESSIVE;
				CLANG_WARN_UNREACHABLE_CODE = YES;
				CLANG_WARN__DUPLICATE_METHOD_MATCH = YES;
				COPY_PHASE_STRIP = NO;
				DEBUG_INFORMATION_FORMAT = "dwarf-with-dsym";
				ENABLE_NS_ASSERTIONS = NO;
				ENABLE_STRICT_OBJC_MSGSEND = YES;
				GCC_C_LANGUAGE_STANDARD = gnu11;
				GCC_NO_COMMON_BLOCKS = YES;
				GCC_WARN_64_TO_32_BIT_CONVERSION = YES;
				GCC_WARN_ABOUT_RETURN_TYPE = YES_ERROR;
				GCC_WARN_UNDECLARED_SELECTOR = YES;
				GCC_WARN_UNINITIALIZED_AUTOS = YES_AGGRESSIVE;
				GCC_WARN_UNUSED_FUNCTION = YES;
				GCC_WARN_UNUSED_VARIABLE = YES;
				IPHONEOS_DEPLOYMENT_TARGET = 15.5;
				MARKETING_VERSION = "";
				MTL_ENABLE_DEBUG_INFO = NO;
				MTL_FAST_MATH = YES;
				SDKROOT = iphoneos;
				SWIFT_COMPILATION_MODE = wholemodule;
				SWIFT_OPTIMIZATION_LEVEL = "-O";
				VALIDATE_PRODUCT = YES;
			};
			name = Staging;
		};
		E668CAF628A506DA00379B4F /* Staging */ = {
			isa = XCBuildConfiguration;
			baseConfigurationReference = E668CAEE28A506B300379B4F /* App-Staging.xcconfig */;
			buildSettings = {
				ASSETCATALOG_COMPILER_APPICON_NAME = AppIcon;
				ASSETCATALOG_COMPILER_GLOBAL_ACCENT_COLOR_NAME = AccentColor;
				CODE_SIGN_IDENTITY = "iPhone Distribution";
				CODE_SIGN_STYLE = Manual;
				CURRENT_PROJECT_VERSION = 3;
				DEVELOPMENT_ASSET_PATHS = "\"Sources/Preview Content\"";
				DEVELOPMENT_TEAM = 25EZUPR5QA;
				ENABLE_PREVIEWS = YES;
				GENERATE_INFOPLIST_FILE = YES;
				INFOPLIST_FILE = "Configs/App-Info.plist";
				INFOPLIST_KEY_UIApplicationSceneManifest_Generation = YES;
				INFOPLIST_KEY_UIApplicationSupportsIndirectInputEvents = YES;
				INFOPLIST_KEY_UILaunchScreen_Generation = YES;
				INFOPLIST_KEY_UISupportedInterfaceOrientations_iPad = "UIInterfaceOrientationPortrait UIInterfaceOrientationPortraitUpsideDown UIInterfaceOrientationLandscapeLeft UIInterfaceOrientationLandscapeRight";
				INFOPLIST_KEY_UISupportedInterfaceOrientations_iPhone = "UIInterfaceOrientationPortrait UIInterfaceOrientationLandscapeLeft UIInterfaceOrientationLandscapeRight";
				IPHONEOS_DEPLOYMENT_TARGET = 14.0;
				LD_RUNPATH_SEARCH_PATHS = (
					"$(inherited)",
					"@executable_path/Frameworks",
				);
				MARKETING_VERSION = 1.0;
				PROVISIONING_PROFILE_SPECIFIER = "match AdHoc com.thoughtworks.ark.staging";
				SWIFT_EMIT_LOC_STRINGS = YES;
				SWIFT_VERSION = 5.0;
				TARGETED_DEVICE_FAMILY = "1,2";
			};
			name = Staging;
		};
		E668CAF728A506DA00379B4F /* Staging */ = {
			isa = XCBuildConfiguration;
			baseConfigurationReference = C2A2E91739AB8A888252298F /* Pods-ARK-iOSTests.staging.xcconfig */;
			buildSettings = {
				ALWAYS_EMBED_SWIFT_STANDARD_LIBRARIES = YES;
				BUNDLE_LOADER = "$(TEST_HOST)";
				CODE_SIGN_STYLE = Manual;
				DEVELOPMENT_TEAM = "";
				GENERATE_INFOPLIST_FILE = YES;
				IPHONEOS_DEPLOYMENT_TARGET = 15.5;
				PRODUCT_BUNDLE_IDENTIFIER = "com.github.tw-smart-coe.ARK-iOSTests";
				PRODUCT_NAME = "$(TARGET_NAME)";
				PROVISIONING_PROFILE_SPECIFIER = "";
				"PROVISIONING_PROFILE_SPECIFIER[sdk=macosx*]" = "";
				SWIFT_EMIT_LOC_STRINGS = NO;
				SWIFT_VERSION = 5.0;
				TARGETED_DEVICE_FAMILY = "1,2";
				TEST_HOST = "$(BUILT_PRODUCTS_DIR)/ARK.app/ARK";
			};
			name = Staging;
		};
		E6710E0F2898EED000663362 /* Debug */ = {
			isa = XCBuildConfiguration;
			buildSettings = {
				ALWAYS_SEARCH_USER_PATHS = NO;
				CLANG_ANALYZER_NONNULL = YES;
				CLANG_ANALYZER_NUMBER_OBJECT_CONVERSION = YES_AGGRESSIVE;
				CLANG_CXX_LANGUAGE_STANDARD = "gnu++17";
				CLANG_ENABLE_MODULES = YES;
				CLANG_ENABLE_OBJC_ARC = YES;
				CLANG_ENABLE_OBJC_WEAK = YES;
				CLANG_WARN_BLOCK_CAPTURE_AUTORELEASING = YES;
				CLANG_WARN_BOOL_CONVERSION = YES;
				CLANG_WARN_COMMA = YES;
				CLANG_WARN_CONSTANT_CONVERSION = YES;
				CLANG_WARN_DEPRECATED_OBJC_IMPLEMENTATIONS = YES;
				CLANG_WARN_DIRECT_OBJC_ISA_USAGE = YES_ERROR;
				CLANG_WARN_DOCUMENTATION_COMMENTS = YES;
				CLANG_WARN_EMPTY_BODY = YES;
				CLANG_WARN_ENUM_CONVERSION = YES;
				CLANG_WARN_INFINITE_RECURSION = YES;
				CLANG_WARN_INT_CONVERSION = YES;
				CLANG_WARN_NON_LITERAL_NULL_CONVERSION = YES;
				CLANG_WARN_OBJC_IMPLICIT_RETAIN_SELF = YES;
				CLANG_WARN_OBJC_LITERAL_CONVERSION = YES;
				CLANG_WARN_OBJC_ROOT_CLASS = YES_ERROR;
				CLANG_WARN_QUOTED_INCLUDE_IN_FRAMEWORK_HEADER = YES;
				CLANG_WARN_RANGE_LOOP_ANALYSIS = YES;
				CLANG_WARN_STRICT_PROTOTYPES = YES;
				CLANG_WARN_SUSPICIOUS_MOVE = YES;
				CLANG_WARN_UNGUARDED_AVAILABILITY = YES_AGGRESSIVE;
				CLANG_WARN_UNREACHABLE_CODE = YES;
				CLANG_WARN__DUPLICATE_METHOD_MATCH = YES;
				COPY_PHASE_STRIP = NO;
				DEBUG_INFORMATION_FORMAT = dwarf;
				ENABLE_STRICT_OBJC_MSGSEND = YES;
				ENABLE_TESTABILITY = YES;
				GCC_C_LANGUAGE_STANDARD = gnu11;
				GCC_DYNAMIC_NO_PIC = NO;
				GCC_NO_COMMON_BLOCKS = YES;
				GCC_OPTIMIZATION_LEVEL = 0;
				GCC_PREPROCESSOR_DEFINITIONS = (
					"DEBUG=1",
					"$(inherited)",
				);
				GCC_WARN_64_TO_32_BIT_CONVERSION = YES;
				GCC_WARN_ABOUT_RETURN_TYPE = YES_ERROR;
				GCC_WARN_UNDECLARED_SELECTOR = YES;
				GCC_WARN_UNINITIALIZED_AUTOS = YES_AGGRESSIVE;
				GCC_WARN_UNUSED_FUNCTION = YES;
				GCC_WARN_UNUSED_VARIABLE = YES;
				IPHONEOS_DEPLOYMENT_TARGET = 15.5;
				MARKETING_VERSION = "";
				MTL_ENABLE_DEBUG_INFO = INCLUDE_SOURCE;
				MTL_FAST_MATH = YES;
				ONLY_ACTIVE_ARCH = YES;
				SDKROOT = iphoneos;
				SWIFT_ACTIVE_COMPILATION_CONDITIONS = DEBUG;
				SWIFT_OPTIMIZATION_LEVEL = "-Onone";
			};
			name = Debug;
		};
		E6710E102898EED000663362 /* Release */ = {
			isa = XCBuildConfiguration;
			buildSettings = {
				ALWAYS_SEARCH_USER_PATHS = NO;
				CLANG_ANALYZER_NONNULL = YES;
				CLANG_ANALYZER_NUMBER_OBJECT_CONVERSION = YES_AGGRESSIVE;
				CLANG_CXX_LANGUAGE_STANDARD = "gnu++17";
				CLANG_ENABLE_MODULES = YES;
				CLANG_ENABLE_OBJC_ARC = YES;
				CLANG_ENABLE_OBJC_WEAK = YES;
				CLANG_WARN_BLOCK_CAPTURE_AUTORELEASING = YES;
				CLANG_WARN_BOOL_CONVERSION = YES;
				CLANG_WARN_COMMA = YES;
				CLANG_WARN_CONSTANT_CONVERSION = YES;
				CLANG_WARN_DEPRECATED_OBJC_IMPLEMENTATIONS = YES;
				CLANG_WARN_DIRECT_OBJC_ISA_USAGE = YES_ERROR;
				CLANG_WARN_DOCUMENTATION_COMMENTS = YES;
				CLANG_WARN_EMPTY_BODY = YES;
				CLANG_WARN_ENUM_CONVERSION = YES;
				CLANG_WARN_INFINITE_RECURSION = YES;
				CLANG_WARN_INT_CONVERSION = YES;
				CLANG_WARN_NON_LITERAL_NULL_CONVERSION = YES;
				CLANG_WARN_OBJC_IMPLICIT_RETAIN_SELF = YES;
				CLANG_WARN_OBJC_LITERAL_CONVERSION = YES;
				CLANG_WARN_OBJC_ROOT_CLASS = YES_ERROR;
				CLANG_WARN_QUOTED_INCLUDE_IN_FRAMEWORK_HEADER = YES;
				CLANG_WARN_RANGE_LOOP_ANALYSIS = YES;
				CLANG_WARN_STRICT_PROTOTYPES = YES;
				CLANG_WARN_SUSPICIOUS_MOVE = YES;
				CLANG_WARN_UNGUARDED_AVAILABILITY = YES_AGGRESSIVE;
				CLANG_WARN_UNREACHABLE_CODE = YES;
				CLANG_WARN__DUPLICATE_METHOD_MATCH = YES;
				COPY_PHASE_STRIP = NO;
				DEBUG_INFORMATION_FORMAT = "dwarf-with-dsym";
				ENABLE_NS_ASSERTIONS = NO;
				ENABLE_STRICT_OBJC_MSGSEND = YES;
				GCC_C_LANGUAGE_STANDARD = gnu11;
				GCC_NO_COMMON_BLOCKS = YES;
				GCC_WARN_64_TO_32_BIT_CONVERSION = YES;
				GCC_WARN_ABOUT_RETURN_TYPE = YES_ERROR;
				GCC_WARN_UNDECLARED_SELECTOR = YES;
				GCC_WARN_UNINITIALIZED_AUTOS = YES_AGGRESSIVE;
				GCC_WARN_UNUSED_FUNCTION = YES;
				GCC_WARN_UNUSED_VARIABLE = YES;
				IPHONEOS_DEPLOYMENT_TARGET = 15.5;
				MARKETING_VERSION = "";
				MTL_ENABLE_DEBUG_INFO = NO;
				MTL_FAST_MATH = YES;
				SDKROOT = iphoneos;
				SWIFT_COMPILATION_MODE = wholemodule;
				SWIFT_OPTIMIZATION_LEVEL = "-O";
				VALIDATE_PRODUCT = YES;
			};
			name = Release;
		};
		E6710E122898EED000663362 /* Debug */ = {
			isa = XCBuildConfiguration;
			baseConfigurationReference = E6710E2D28990B2600663362 /* App-Debug.xcconfig */;
			buildSettings = {
				ASSETCATALOG_COMPILER_APPICON_NAME = AppIcon;
				ASSETCATALOG_COMPILER_GLOBAL_ACCENT_COLOR_NAME = AccentColor;
				CODE_SIGN_IDENTITY = "iPhone Developer";
				CODE_SIGN_STYLE = Manual;
				CURRENT_PROJECT_VERSION = 3;
				DEVELOPMENT_ASSET_PATHS = "\"Sources/Preview Content\"";
				DEVELOPMENT_TEAM = 25EZUPR5QA;
				ENABLE_PREVIEWS = YES;
				EXECUTABLE_EXTENSION = "";
				FRAMEWORK_SEARCH_PATHS = "$(inherited)";
				GENERATE_INFOPLIST_FILE = YES;
				HEADER_SEARCH_PATHS = "$(inherited)";
				INFOPLIST_FILE = "Configs/App-Info.plist";
				INFOPLIST_KEY_UIApplicationSceneManifest_Generation = YES;
				INFOPLIST_KEY_UIApplicationSupportsIndirectInputEvents = YES;
				INFOPLIST_KEY_UILaunchScreen_Generation = YES;
				INFOPLIST_KEY_UISupportedInterfaceOrientations_iPad = "UIInterfaceOrientationPortrait UIInterfaceOrientationPortraitUpsideDown UIInterfaceOrientationLandscapeLeft UIInterfaceOrientationLandscapeRight";
				INFOPLIST_KEY_UISupportedInterfaceOrientations_iPhone = "UIInterfaceOrientationPortrait UIInterfaceOrientationLandscapeLeft UIInterfaceOrientationLandscapeRight";
				IPHONEOS_DEPLOYMENT_TARGET = 14.0;
				LD_RUNPATH_SEARCH_PATHS = (
					"$(inherited)",
					"@executable_path/Frameworks",
				);
				MARKETING_VERSION = 1.0;
				PROVISIONING_PROFILE_SPECIFIER = "match Development com.thoughtworks.ark.debug";
				SWIFT_EMIT_LOC_STRINGS = YES;
				SWIFT_VERSION = 5.0;
				TARGETED_DEVICE_FAMILY = "1,2";
			};
			name = Debug;
		};
		E6710E132898EED000663362 /* Release */ = {
			isa = XCBuildConfiguration;
			baseConfigurationReference = E6710E2F28990B3700663362 /* App-Release.xcconfig */;
			buildSettings = {
				ASSETCATALOG_COMPILER_APPICON_NAME = AppIcon;
				ASSETCATALOG_COMPILER_GLOBAL_ACCENT_COLOR_NAME = AccentColor;
				CODE_SIGN_IDENTITY = "iPhone Distribution";
				CODE_SIGN_STYLE = Manual;
				CURRENT_PROJECT_VERSION = 3;
				DEVELOPMENT_ASSET_PATHS = "\"Sources/Preview Content\"";
				DEVELOPMENT_TEAM = 25EZUPR5QA;
				ENABLE_PREVIEWS = YES;
				GENERATE_INFOPLIST_FILE = YES;
				INFOPLIST_FILE = "Configs/App-Info.plist";
				INFOPLIST_KEY_UIApplicationSceneManifest_Generation = YES;
				INFOPLIST_KEY_UIApplicationSupportsIndirectInputEvents = YES;
				INFOPLIST_KEY_UILaunchScreen_Generation = YES;
				INFOPLIST_KEY_UISupportedInterfaceOrientations_iPad = "UIInterfaceOrientationPortrait UIInterfaceOrientationPortraitUpsideDown UIInterfaceOrientationLandscapeLeft UIInterfaceOrientationLandscapeRight";
				INFOPLIST_KEY_UISupportedInterfaceOrientations_iPhone = "UIInterfaceOrientationPortrait UIInterfaceOrientationLandscapeLeft UIInterfaceOrientationLandscapeRight";
				IPHONEOS_DEPLOYMENT_TARGET = 14.0;
				LD_RUNPATH_SEARCH_PATHS = (
					"$(inherited)",
					"@executable_path/Frameworks",
				);
				MARKETING_VERSION = 1.0;
				PROVISIONING_PROFILE_SPECIFIER = "match AppStore com.thoughtworks.ark";
				SWIFT_EMIT_LOC_STRINGS = YES;
				SWIFT_VERSION = 5.0;
				TARGETED_DEVICE_FAMILY = "1,2";
			};
			name = Release;
		};
		E6710E152898EED000663362 /* Debug */ = {
			isa = XCBuildConfiguration;
			baseConfigurationReference = 96E531B951D9EF31497A824D /* Pods-ARK-iOSTests.debug.xcconfig */;
			buildSettings = {
				ALWAYS_EMBED_SWIFT_STANDARD_LIBRARIES = YES;
				BUNDLE_LOADER = "$(TEST_HOST)";
				CODE_SIGN_STYLE = Manual;
				DEVELOPMENT_TEAM = "";
				GENERATE_INFOPLIST_FILE = YES;
				IPHONEOS_DEPLOYMENT_TARGET = 15.5;
				PRODUCT_BUNDLE_IDENTIFIER = "com.github.tw-smart-coe.ARK-iOSTests";
				PRODUCT_NAME = "$(TARGET_NAME)";
				PROVISIONING_PROFILE_SPECIFIER = "";
				"PROVISIONING_PROFILE_SPECIFIER[sdk=macosx*]" = "";
				SWIFT_EMIT_LOC_STRINGS = NO;
				SWIFT_VERSION = 5.0;
				TARGETED_DEVICE_FAMILY = "1,2";
				TEST_HOST = "$(BUILT_PRODUCTS_DIR)/ARK.app/ARK";
			};
			name = Debug;
		};
		E6710E162898EED000663362 /* Release */ = {
			isa = XCBuildConfiguration;
			baseConfigurationReference = 2B02F006099AF5E51964524C /* Pods-ARK-iOSTests.release.xcconfig */;
			buildSettings = {
				ALWAYS_EMBED_SWIFT_STANDARD_LIBRARIES = YES;
				BUNDLE_LOADER = "$(TEST_HOST)";
				CODE_SIGN_STYLE = Manual;
				DEVELOPMENT_TEAM = "";
				GENERATE_INFOPLIST_FILE = YES;
				IPHONEOS_DEPLOYMENT_TARGET = 15.5;
				PRODUCT_BUNDLE_IDENTIFIER = "com.github.tw-smart-coe.ARK-iOSTests";
				PRODUCT_NAME = "$(TARGET_NAME)";
				PROVISIONING_PROFILE_SPECIFIER = "";
				"PROVISIONING_PROFILE_SPECIFIER[sdk=macosx*]" = "";
				SWIFT_EMIT_LOC_STRINGS = NO;
				SWIFT_VERSION = 5.0;
				TARGETED_DEVICE_FAMILY = "1,2";
				TEST_HOST = "$(BUILT_PRODUCTS_DIR)/ARK.app/ARK";
			};
			name = Release;
		};
/* End XCBuildConfiguration section */

/* Begin XCConfigurationList section */
		E6710DE82898EECE00663362 /* Build configuration list for PBXProject "ARK-iOS" */ = {
			isa = XCConfigurationList;
			buildConfigurations = (
				E6710E0F2898EED000663362 /* Debug */,
				E6710E102898EED000663362 /* Release */,
				E668CAF228A506D000379B4F /* Uat */,
				E668CAF528A506DA00379B4F /* Staging */,
			);
			defaultConfigurationIsVisible = 0;
			defaultConfigurationName = Release;
		};
		E6710E112898EED000663362 /* Build configuration list for PBXNativeTarget "ARK-iOS" */ = {
			isa = XCConfigurationList;
			buildConfigurations = (
				E6710E122898EED000663362 /* Debug */,
				E6710E132898EED000663362 /* Release */,
				E668CAF328A506D000379B4F /* Uat */,
				E668CAF628A506DA00379B4F /* Staging */,
			);
			defaultConfigurationIsVisible = 0;
			defaultConfigurationName = Release;
		};
		E6710E142898EED000663362 /* Build configuration list for PBXNativeTarget "ARK-iOSTests" */ = {
			isa = XCConfigurationList;
			buildConfigurations = (
				E6710E152898EED000663362 /* Debug */,
				E6710E162898EED000663362 /* Release */,
				E668CAF428A506D000379B4F /* Uat */,
				E668CAF728A506DA00379B4F /* Staging */,
			);
			defaultConfigurationIsVisible = 0;
			defaultConfigurationName = Release;
		};
/* End XCConfigurationList section */
	};
	rootObject = E6710DE52898EECE00663362 /* Project object */;
}
