PODS:
  - Alamofire (5.6.4)
  - Core (0.0.1):
    - Alamofire (~> 5.6)
  - UI (0.0.1)

DEPENDENCIES:
  - Core (from `../Core`)
  - UI (from `../UI`)

SPEC REPOS:
  trunk:
    - Alamofire

EXTERNAL SOURCES:
  Core:
    :path: "../Core"
  UI:
    :path: "../UI"

SPEC CHECKSUMS:
  Alamofire: 4e95d97098eacb88856099c4fc79b526a299e48c
  Core: 49389ad3275c8cd2d60727bd0d747197c68be285
  UI: 5aa2b30168c641c4250396777e6a6be22a2401c7

PODFILE CHECKSUM: 1fb5051764b547e130e810689c4ecbe15220f149

COCOAPODS: 1.11.3
